// !$*UTF8*$!
{
	archiveVersion = 1;
	classes = {
	};
	objectVersion = 56;
	objects = {

/* Begin PBXBuildFile section */
		0429105F2BB7484D0002B465 /* PlantsData.json in Resources */ = {isa = PBXBuildFile; fileRef = 0429105E2BB7484D0002B465 /* PlantsData.json */; };
		042910612BB748B10002B465 /* Plant.swift in Sources */ = {isa = PBXBuildFile; fileRef = 042910602BB748B10002B465 /* Plant.swift */; };
		042910632BB753140002B465 /* PlantLoader.swift in Sources */ = {isa = PBXBuildFile; fileRef = 042910622BB753140002B465 /* PlantLoader.swift */; };
		0429D8F62C28913F00B28F31 /* FirebaseAnalytics in Frameworks */ = {isa = PBXBuildFile; productRef = 0429D8F52C28913F00B28F31 /* FirebaseAnalytics */; };
		0429D8F82C28913F00B28F31 /* FirebaseAnalyticsWithoutAdIdSupport in Frameworks */ = {isa = PBXBuildFile; productRef = 0429D8F72C28913F00B28F31 /* FirebaseAnalyticsWithoutAdIdSupport */; };
		0429D8FA2C28913F00B28F31 /* FirebaseAppCheck in Frameworks */ = {isa = PBXBuildFile; productRef = 0429D8F92C28913F00B28F31 /* FirebaseAppCheck */; };
		0429D8FC2C28913F00B28F31 /* FirebaseAuth in Frameworks */ = {isa = PBXBuildFile; productRef = 0429D8FB2C28913F00B28F31 /* FirebaseAuth */; };
		0429D8FE2C28913F00B28F31 /* FirebaseDatabase in Frameworks */ = {isa = PBXBuildFile; productRef = 0429D8FD2C28913F00B28F31 /* FirebaseDatabase */; };
		0429D9002C28913F00B28F31 /* FirebaseDatabaseSwift in Frameworks */ = {isa = PBXBuildFile; productRef = 0429D8FF2C28913F00B28F31 /* FirebaseDatabaseSwift */; };
		0429D9022C28913F00B28F31 /* FirebaseFirestore in Frameworks */ = {isa = PBXBuildFile; productRef = 0429D9012C28913F00B28F31 /* FirebaseFirestore */; };
		0429D9042C28913F00B28F31 /* FirebaseFirestoreCombine-Community in Frameworks */ = {isa = PBXBuildFile; productRef = 0429D9032C28913F00B28F31 /* FirebaseFirestoreCombine-Community */; };
		0429D9062C28913F00B28F31 /* FirebaseFirestoreSwift in Frameworks */ = {isa = PBXBuildFile; productRef = 0429D9052C28913F00B28F31 /* FirebaseFirestoreSwift */; };
		0429D9082C28913F00B28F31 /* FirebaseFunctions in Frameworks */ = {isa = PBXBuildFile; productRef = 0429D9072C28913F00B28F31 /* FirebaseFunctions */; };
		0429D90A2C28913F00B28F31 /* FirebaseInAppMessaging-Beta in Frameworks */ = {isa = PBXBuildFile; productRef = 0429D9092C28913F00B28F31 /* FirebaseInAppMessaging-Beta */; };
		0429D90C2C28913F00B28F31 /* FirebaseMessaging in Frameworks */ = {isa = PBXBuildFile; productRef = 0429D90B2C28913F00B28F31 /* FirebaseMessaging */; };
		0429D90E2C28913F00B28F31 /* FirebaseStorage in Frameworks */ = {isa = PBXBuildFile; productRef = 0429D90D2C28913F00B28F31 /* FirebaseStorage */; };
		0429D9112C28943200B28F31 /* SwiftLocation in Frameworks */ = {isa = PBXBuildFile; productRef = 0429D9102C28943200B28F31 /* SwiftLocation */; };
		0429D9162C289D5300B28F31 /* GoogleSignIn in Frameworks */ = {isa = PBXBuildFile; productRef = 0429D9152C289D5300B28F31 /* GoogleSignIn */; };
		0429D9182C289D5300B28F31 /* GoogleSignInSwift in Frameworks */ = {isa = PBXBuildFile; productRef = 0429D9172C289D5300B28F31 /* GoogleSignInSwift */; };
		0429D91B2C289DB600B28F31 /* NVActivityIndicatorView in Frameworks */ = {isa = PBXBuildFile; productRef = 0429D91A2C289DB600B28F31 /* NVActivityIndicatorView */; };
		0429D91D2C289DB600B28F31 /* NVActivityIndicatorViewExtended in Frameworks */ = {isa = PBXBuildFile; productRef = 0429D91C2C289DB600B28F31 /* NVActivityIndicatorViewExtended */; };
		0429D9202C289E3C00B28F31 /* SKPhotoBrowser in Frameworks */ = {isa = PBXBuildFile; productRef = 0429D91F2C289E3C00B28F31 /* SKPhotoBrowser */; };
		0429D9232C289F7A00B28F31 /* Lottie in Frameworks */ = {isa = PBXBuildFile; productRef = 0429D9222C289F7A00B28F31 /* Lottie */; };
		0429D9262C28A72200B28F31 /* FacebookAEM in Frameworks */ = {isa = PBXBuildFile; productRef = 0429D9252C28A72200B28F31 /* FacebookAEM */; };
		0429D9282C28A72200B28F31 /* FacebookBasics in Frameworks */ = {isa = PBXBuildFile; productRef = 0429D9272C28A72200B28F31 /* FacebookBasics */; };
		0429D92A2C28A72200B28F31 /* FacebookCore in Frameworks */ = {isa = PBXBuildFile; productRef = 0429D9292C28A72200B28F31 /* FacebookCore */; };
		0429D92C2C28A72200B28F31 /* FacebookLogin in Frameworks */ = {isa = PBXBuildFile; productRef = 0429D92B2C28A72200B28F31 /* FacebookLogin */; };
		0429D92E2C28A72200B28F31 /* FacebookShare in Frameworks */ = {isa = PBXBuildFile; productRef = 0429D92D2C28A72200B28F31 /* FacebookShare */; };
		0429D9312C28A7EF00B28F31 /* SDWebImage in Frameworks */ = {isa = PBXBuildFile; productRef = 0429D9302C28A7EF00B28F31 /* SDWebImage */; };
		0429D9332C28A7EF00B28F31 /* SDWebImageMapKit in Frameworks */ = {isa = PBXBuildFile; productRef = 0429D9322C28A7EF00B28F31 /* SDWebImageMapKit */; };
		042E16962BE774820066C585 /* UIViewExtenstion.swift in Sources */ = {isa = PBXBuildFile; fileRef = 042E16952BE774820066C585 /* UIViewExtenstion.swift */; };
		043989CB2B97244F00FA0FF7 /* ImagesPostCollectionViewCell.swift in Sources */ = {isa = PBXBuildFile; fileRef = 043989C92B97244F00FA0FF7 /* ImagesPostCollectionViewCell.swift */; };
		043989CC2B97244F00FA0FF7 /* ImagesPostCollectionViewCell.xib in Resources */ = {isa = PBXBuildFile; fileRef = 043989CA2B97244F00FA0FF7 /* ImagesPostCollectionViewCell.xib */; };
		043989CE2B972C0500FA0FF7 /* ExpandableLabel.swift in Sources */ = {isa = PBXBuildFile; fileRef = 043989CD2B972C0500FA0FF7 /* ExpandableLabel.swift */; };
		043989D62B975A4800FA0FF7 /* ShadowView.swift in Sources */ = {isa = PBXBuildFile; fileRef = 043989D52B975A4800FA0FF7 /* ShadowView.swift */; };
		043D25452C29810900AF6E75 /* GoogleService-Info.plist in Resources */ = {isa = PBXBuildFile; fileRef = 043D25442C29810900AF6E75 /* GoogleService-Info.plist */; };
		043ED8042B99D8E200832BB0 /* RealtimeDatabaseManager.swift in Sources */ = {isa = PBXBuildFile; fileRef = 043ED8032B99D8E200832BB0 /* RealtimeDatabaseManager.swift */; };
		043EF02A2B8F523D007F8E6C /* LoginViewController.swift in Sources */ = {isa = PBXBuildFile; fileRef = 043EF0292B8F523D007F8E6C /* LoginViewController.swift */; };
		043EF02C2B8F5252007F8E6C /* RegisterViewController.swift in Sources */ = {isa = PBXBuildFile; fileRef = 043EF02B2B8F5252007F8E6C /* RegisterViewController.swift */; };
		044B148F2B8E25FF0087C094 /* ProfileViewController.swift in Sources */ = {isa = PBXBuildFile; fileRef = 044B148E2B8E25FF0087C094 /* ProfileViewController.swift */; };
		044B14932B8E2B3E0087C094 /* UITableViewExtension.swift in Sources */ = {isa = PBXBuildFile; fileRef = 044B14922B8E2B3E0087C094 /* UITableViewExtension.swift */; };
		044B14952B8E2B590087C094 /* UIImageViewExtension.swift in Sources */ = {isa = PBXBuildFile; fileRef = 044B14942B8E2B590087C094 /* UIImageViewExtension.swift */; };
		044B14972B8E2B770087C094 /* StringExtension.swift in Sources */ = {isa = PBXBuildFile; fileRef = 044B14962B8E2B770087C094 /* StringExtension.swift */; };
		044B14992B8E2B990087C094 /* Constents.swift in Sources */ = {isa = PBXBuildFile; fileRef = 044B14982B8E2B990087C094 /* Constents.swift */; };
		044B149B2B8E2BDA0087C094 /* Global Functions.swift in Sources */ = {isa = PBXBuildFile; fileRef = 044B149A2B8E2BDA0087C094 /* Global Functions.swift */; };
		044B149E2B8E30180087C094 /* FUserListener.swift in Sources */ = {isa = PBXBuildFile; fileRef = 044B149D2B8E30180087C094 /* FUserListener.swift */; };
		044B14A02B8E30650087C094 /* FCollectionReference.swift in Sources */ = {isa = PBXBuildFile; fileRef = 044B149F2B8E30650087C094 /* FCollectionReference.swift */; };
		044B14A22B8E307A0087C094 /* FileStorage.swift in Sources */ = {isa = PBXBuildFile; fileRef = 044B14A12B8E307A0087C094 /* FileStorage.swift */; };
		044B14A42B8E320B0087C094 /* User.swift in Sources */ = {isa = PBXBuildFile; fileRef = 044B14A32B8E320B0087C094 /* User.swift */; };
		044B14AC2B8E38AC0087C094 /* EditProfile.swift in Sources */ = {isa = PBXBuildFile; fileRef = 044B14AB2B8E38AC0087C094 /* EditProfile.swift */; };
		044D9F3C2BEEB40B008EA71A /* PlantCollectionViewCell.swift in Sources */ = {isa = PBXBuildFile; fileRef = 044D9F3A2BEEB40B008EA71A /* PlantCollectionViewCell.swift */; };
		044D9F3D2BEEB40B008EA71A /* PlantCollectionViewCell.xib in Resources */ = {isa = PBXBuildFile; fileRef = 044D9F3B2BEEB40B008EA71A /* PlantCollectionViewCell.xib */; };
		04508B6E2C347981005BDAB1 /* MapViewController.swift in Sources */ = {isa = PBXBuildFile; fileRef = 04508B6D2C347981005BDAB1 /* MapViewController.swift */; };
		04519DAB2B9679E900D190AE /* AddPostViewController.swift in Sources */ = {isa = PBXBuildFile; fileRef = 04519DAA2B9679E900D190AE /* AddPostViewController.swift */; };
		045439562C07B93000C55542 /* PlantieML.mlpackage in Sources */ = {isa = PBXBuildFile; fileRef = 045439552C07B93000C55542 /* PlantieML.mlpackage */; };
		0454395A2C07D54000C55542 /* DetectionViewController.swift in Sources */ = {isa = PBXBuildFile; fileRef = 045439592C07D54000C55542 /* DetectionViewController.swift */; };
		046537872B9713AE001880C1 /* TextWithImagesTableViewCell.swift in Sources */ = {isa = PBXBuildFile; fileRef = 046537852B9713AE001880C1 /* TextWithImagesTableViewCell.swift */; };
		046537882B9713AE001880C1 /* TextWithImagesTableViewCell.xib in Resources */ = {isa = PBXBuildFile; fileRef = 046537862B9713AE001880C1 /* TextWithImagesTableViewCell.xib */; };
		0465378C2B97140A001880C1 /* TextTableViewCell.swift in Sources */ = {isa = PBXBuildFile; fileRef = 0465378A2B97140A001880C1 /* TextTableViewCell.swift */; };
		0465378D2B97140A001880C1 /* TextTableViewCell.xib in Resources */ = {isa = PBXBuildFile; fileRef = 0465378B2B97140A001880C1 /* TextTableViewCell.xib */; };
		046D818A2B9B21920063EDB3 /* CommentTableViewCell.swift in Sources */ = {isa = PBXBuildFile; fileRef = 046D81882B9B21920063EDB3 /* CommentTableViewCell.swift */; };
		046D818B2B9B21920063EDB3 /* CommentTableViewCell.xib in Resources */ = {isa = PBXBuildFile; fileRef = 046D81892B9B21920063EDB3 /* CommentTableViewCell.xib */; };
		04774DF32C349AB900AC7D70 /* MLImageClassifier.swift in Sources */ = {isa = PBXBuildFile; fileRef = 04774DF22C349AB900AC7D70 /* MLImageClassifier.swift */; };
		04774DF52C349EF000AC7D70 /* DiseaseInfo.swift in Sources */ = {isa = PBXBuildFile; fileRef = 04774DF42C349EF000AC7D70 /* DiseaseInfo.swift */; };
		0478492C2B8F375900562F68 /* LaunchScreenController.swift in Sources */ = {isa = PBXBuildFile; fileRef = 0478492B2B8F375900562F68 /* LaunchScreenController.swift */; };
		049904DC2C32FB17008B2334 /* FertlizerCalculatorViewController.swift in Sources */ = {isa = PBXBuildFile; fileRef = 049904DB2C32FB17008B2334 /* FertlizerCalculatorViewController.swift */; };
		049F77BC2B97952C00D65123 /* ShowPostViewController.swift in Sources */ = {isa = PBXBuildFile; fileRef = 049F77BB2B97952C00D65123 /* ShowPostViewController.swift */; };
		04A28D1E2BEA3214000B46BD /* PlantDetailsViewController.swift in Sources */ = {isa = PBXBuildFile; fileRef = 04A28D1D2BEA3214000B46BD /* PlantDetailsViewController.swift */; };
		04B14CDD2BD2B76900440034 /* WeatherData.swift in Sources */ = {isa = PBXBuildFile; fileRef = 04B14CDC2BD2B76900440034 /* WeatherData.swift */; };
		04B14CDF2BD2B7D200440034 /* WeatherAPI.swift in Sources */ = {isa = PBXBuildFile; fileRef = 04B14CDE2BD2B7D200440034 /* WeatherAPI.swift */; };
		04B14CE22BD2BE7600440034 /* HourlyCollectionViewCell.swift in Sources */ = {isa = PBXBuildFile; fileRef = 04B14CE12BD2BE7600440034 /* HourlyCollectionViewCell.swift */; };
		04B14CE42BD2BE8F00440034 /* DailyCollectionViewCell.swift in Sources */ = {isa = PBXBuildFile; fileRef = 04B14CE32BD2BE8F00440034 /* DailyCollectionViewCell.swift */; };
		04B5A9A02BB6397800E25710 /* PlantsViewController.swift in Sources */ = {isa = PBXBuildFile; fileRef = 04B5A99F2BB6397800E25710 /* PlantsViewController.swift */; };
		04B5A9A32BB63C4500E25710 /* PlantTableViewCell.swift in Sources */ = {isa = PBXBuildFile; fileRef = 04B5A9A12BB63C4500E25710 /* PlantTableViewCell.swift */; };
		04B5A9A42BB63C4500E25710 /* PlantTableViewCell.xib in Resources */ = {isa = PBXBuildFile; fileRef = 04B5A9A22BB63C4500E25710 /* PlantTableViewCell.xib */; };
		04B6C1F12BC314C400C022CF /* WeatherViewController.swift in Sources */ = {isa = PBXBuildFile; fileRef = 04B6C1F02BC314C400C022CF /* WeatherViewController.swift */; };
		04F8158C2B8DF0C5000D2DAD /* AppDelegate.swift in Sources */ = {isa = PBXBuildFile; fileRef = 04F8158B2B8DF0C5000D2DAD /* AppDelegate.swift */; };
		04F8158E2B8DF0C5000D2DAD /* SceneDelegate.swift in Sources */ = {isa = PBXBuildFile; fileRef = 04F8158D2B8DF0C5000D2DAD /* SceneDelegate.swift */; };
		04F815932B8DF0C5000D2DAD /* Main.storyboard in Resources */ = {isa = PBXBuildFile; fileRef = 04F815912B8DF0C5000D2DAD /* Main.storyboard */; };
		04F815952B8DF0C8000D2DAD /* Assets.xcassets in Resources */ = {isa = PBXBuildFile; fileRef = 04F815942B8DF0C8000D2DAD /* Assets.xcassets */; };
		04F815982B8DF0C8000D2DAD /* LaunchScreen.storyboard in Resources */ = {isa = PBXBuildFile; fileRef = 04F815962B8DF0C8000D2DAD /* LaunchScreen.storyboard */; };
		04F815A32B8DF0C8000D2DAD /* PlantieTests.swift in Sources */ = {isa = PBXBuildFile; fileRef = 04F815A22B8DF0C8000D2DAD /* PlantieTests.swift */; };
		04F815AD2B8DF0C8000D2DAD /* PlantieUITests.swift in Sources */ = {isa = PBXBuildFile; fileRef = 04F815AC2B8DF0C8000D2DAD /* PlantieUITests.swift */; };
		04F815AF2B8DF0C8000D2DAD /* PlantieUITestsLaunchTests.swift in Sources */ = {isa = PBXBuildFile; fileRef = 04F815AE2B8DF0C8000D2DAD /* PlantieUITestsLaunchTests.swift */; };
		04F815DB2B8DF98C000D2DAD /* CustomTabBarController.swift in Sources */ = {isa = PBXBuildFile; fileRef = 04F815DA2B8DF98C000D2DAD /* CustomTabBarController.swift */; };
		04F815E22B8E0011000D2DAD /* PlantLottieLoading.json in Resources */ = {isa = PBXBuildFile; fileRef = 04F815E12B8E0011000D2DAD /* PlantLottieLoading.json */; };
		04F815E42B8E0025000D2DAD /* Harmattan-Bold.ttf in Resources */ = {isa = PBXBuildFile; fileRef = 04F815E32B8E0025000D2DAD /* Harmattan-Bold.ttf */; };
		04F815E62B8E002E000D2DAD /* Harmattan-Regular.ttf in Resources */ = {isa = PBXBuildFile; fileRef = 04F815E52B8E002E000D2DAD /* Harmattan-Regular.ttf */; };
		04F815E82B8E006F000D2DAD /* SplashViewController.swift in Sources */ = {isa = PBXBuildFile; fileRef = 04F815E72B8E006F000D2DAD /* SplashViewController.swift */; };
		04FB2B382B966E2B00650C86 /* Post.swift in Sources */ = {isa = PBXBuildFile; fileRef = 04FB2B372B966E2B00650C86 /* Post.swift */; };
		04FB2B3B2B9671EA00650C86 /* CommunityViewController.swift in Sources */ = {isa = PBXBuildFile; fileRef = 04FB2B3A2B9671EA00650C86 /* CommunityViewController.swift */; };
		13EA3E37934EF91D1107C15A /* Pods_PlantieTests.framework in Frameworks */ = {isa = PBXBuildFile; fileRef = B4C92AAD9F5BE0114DD8C2D0 /* Pods_PlantieTests.framework */; };
		5FBCE1DE3DC43BD5CC80A565 /* Pods_Plantie_PlantieUITests.framework in Frameworks */ = {isa = PBXBuildFile; fileRef = B5DF75C0FD9B618D40F82636 /* Pods_Plantie_PlantieUITests.framework */; };
		D486C5F3C21707B6D0266E5B /* Pods_Plantie.framework in Frameworks */ = {isa = PBXBuildFile; fileRef = 31E25189690426C55FABD335 /* Pods_Plantie.framework */; };
/* End PBXBuildFile section */

/* Begin PBXContainerItemProxy section */
		04F8159F2B8DF0C8000D2DAD /* PBXContainerItemProxy */ = {
			isa = PBXContainerItemProxy;
			containerPortal = 04F815802B8DF0C5000D2DAD /* Project object */;
			proxyType = 1;
			remoteGlobalIDString = 04F815872B8DF0C5000D2DAD;
			remoteInfo = Plantie;
		};
		04F815A92B8DF0C8000D2DAD /* PBXContainerItemProxy */ = {
			isa = PBXContainerItemProxy;
			containerPortal = 04F815802B8DF0C5000D2DAD /* Project object */;
			proxyType = 1;
			remoteGlobalIDString = 04F815872B8DF0C5000D2DAD;
			remoteInfo = Plantie;
		};
/* End PBXContainerItemProxy section */

/* Begin PBXFileReference section */
		0429105E2BB7484D0002B465 /* PlantsData.json */ = {isa = PBXFileReference; fileEncoding = 4; lastKnownFileType = text.json; path = PlantsData.json; sourceTree = "<group>"; };
		042910602BB748B10002B465 /* Plant.swift */ = {isa = PBXFileReference; lastKnownFileType = sourcecode.swift; path = Plant.swift; sourceTree = "<group>"; };
		042910622BB753140002B465 /* PlantLoader.swift */ = {isa = PBXFileReference; lastKnownFileType = sourcecode.swift; path = PlantLoader.swift; sourceTree = "<group>"; };
		042E16952BE774820066C585 /* UIViewExtenstion.swift */ = {isa = PBXFileReference; lastKnownFileType = sourcecode.swift; path = UIViewExtenstion.swift; sourceTree = "<group>"; };
		043989C92B97244F00FA0FF7 /* ImagesPostCollectionViewCell.swift */ = {isa = PBXFileReference; lastKnownFileType = sourcecode.swift; path = ImagesPostCollectionViewCell.swift; sourceTree = "<group>"; };
		043989CA2B97244F00FA0FF7 /* ImagesPostCollectionViewCell.xib */ = {isa = PBXFileReference; lastKnownFileType = file.xib; path = ImagesPostCollectionViewCell.xib; sourceTree = "<group>"; };
		043989CD2B972C0500FA0FF7 /* ExpandableLabel.swift */ = {isa = PBXFileReference; lastKnownFileType = sourcecode.swift; path = ExpandableLabel.swift; sourceTree = "<group>"; };
		043989D52B975A4800FA0FF7 /* ShadowView.swift */ = {isa = PBXFileReference; lastKnownFileType = sourcecode.swift; path = ShadowView.swift; sourceTree = "<group>"; };
		043D25442C29810900AF6E75 /* GoogleService-Info.plist */ = {isa = PBXFileReference; fileEncoding = 4; lastKnownFileType = text.plist.xml; path = "GoogleService-Info.plist"; sourceTree = "<group>"; };
		043ED8032B99D8E200832BB0 /* RealtimeDatabaseManager.swift */ = {isa = PBXFileReference; lastKnownFileType = sourcecode.swift; path = RealtimeDatabaseManager.swift; sourceTree = "<group>"; };
		043EF0292B8F523D007F8E6C /* LoginViewController.swift */ = {isa = PBXFileReference; lastKnownFileType = sourcecode.swift; path = LoginViewController.swift; sourceTree = "<group>"; };
		043EF02B2B8F5252007F8E6C /* RegisterViewController.swift */ = {isa = PBXFileReference; lastKnownFileType = sourcecode.swift; path = RegisterViewController.swift; sourceTree = "<group>"; };
		044B148E2B8E25FF0087C094 /* ProfileViewController.swift */ = {isa = PBXFileReference; lastKnownFileType = sourcecode.swift; path = ProfileViewController.swift; sourceTree = "<group>"; };
		044B14922B8E2B3E0087C094 /* UITableViewExtension.swift */ = {isa = PBXFileReference; lastKnownFileType = sourcecode.swift; path = UITableViewExtension.swift; sourceTree = "<group>"; };
		044B14942B8E2B590087C094 /* UIImageViewExtension.swift */ = {isa = PBXFileReference; lastKnownFileType = sourcecode.swift; path = UIImageViewExtension.swift; sourceTree = "<group>"; };
		044B14962B8E2B770087C094 /* StringExtension.swift */ = {isa = PBXFileReference; lastKnownFileType = sourcecode.swift; path = StringExtension.swift; sourceTree = "<group>"; };
		044B14982B8E2B990087C094 /* Constents.swift */ = {isa = PBXFileReference; lastKnownFileType = sourcecode.swift; path = Constents.swift; sourceTree = "<group>"; };
		044B149A2B8E2BDA0087C094 /* Global Functions.swift */ = {isa = PBXFileReference; lastKnownFileType = sourcecode.swift; path = "Global Functions.swift"; sourceTree = "<group>"; };
		044B149D2B8E30180087C094 /* FUserListener.swift */ = {isa = PBXFileReference; lastKnownFileType = sourcecode.swift; path = FUserListener.swift; sourceTree = "<group>"; };
		044B149F2B8E30650087C094 /* FCollectionReference.swift */ = {isa = PBXFileReference; lastKnownFileType = sourcecode.swift; path = FCollectionReference.swift; sourceTree = "<group>"; };
		044B14A12B8E307A0087C094 /* FileStorage.swift */ = {isa = PBXFileReference; lastKnownFileType = sourcecode.swift; path = FileStorage.swift; sourceTree = "<group>"; };
		044B14A32B8E320B0087C094 /* User.swift */ = {isa = PBXFileReference; lastKnownFileType = sourcecode.swift; path = User.swift; sourceTree = "<group>"; };
		044B14AB2B8E38AC0087C094 /* EditProfile.swift */ = {isa = PBXFileReference; lastKnownFileType = sourcecode.swift; path = EditProfile.swift; sourceTree = "<group>"; };
		044D9F3A2BEEB40B008EA71A /* PlantCollectionViewCell.swift */ = {isa = PBXFileReference; lastKnownFileType = sourcecode.swift; path = PlantCollectionViewCell.swift; sourceTree = "<group>"; };
		044D9F3B2BEEB40B008EA71A /* PlantCollectionViewCell.xib */ = {isa = PBXFileReference; lastKnownFileType = file.xib; path = PlantCollectionViewCell.xib; sourceTree = "<group>"; };
		04508B6D2C347981005BDAB1 /* MapViewController.swift */ = {isa = PBXFileReference; lastKnownFileType = sourcecode.swift; path = MapViewController.swift; sourceTree = "<group>"; };
		04519DAA2B9679E900D190AE /* AddPostViewController.swift */ = {isa = PBXFileReference; lastKnownFileType = sourcecode.swift; path = AddPostViewController.swift; sourceTree = "<group>"; };
		045439552C07B93000C55542 /* PlantieML.mlpackage */ = {isa = PBXFileReference; lastKnownFileType = folder.mlpackage; path = PlantieML.mlpackage; sourceTree = "<group>"; };
		045439592C07D54000C55542 /* DetectionViewController.swift */ = {isa = PBXFileReference; lastKnownFileType = sourcecode.swift; path = DetectionViewController.swift; sourceTree = "<group>"; };
		046537852B9713AE001880C1 /* TextWithImagesTableViewCell.swift */ = {isa = PBXFileReference; lastKnownFileType = sourcecode.swift; path = TextWithImagesTableViewCell.swift; sourceTree = "<group>"; };
		046537862B9713AE001880C1 /* TextWithImagesTableViewCell.xib */ = {isa = PBXFileReference; lastKnownFileType = file.xib; path = TextWithImagesTableViewCell.xib; sourceTree = "<group>"; };
		0465378A2B97140A001880C1 /* TextTableViewCell.swift */ = {isa = PBXFileReference; lastKnownFileType = sourcecode.swift; path = TextTableViewCell.swift; sourceTree = "<group>"; };
		0465378B2B97140A001880C1 /* TextTableViewCell.xib */ = {isa = PBXFileReference; lastKnownFileType = file.xib; path = TextTableViewCell.xib; sourceTree = "<group>"; };
		046D81882B9B21920063EDB3 /* CommentTableViewCell.swift */ = {isa = PBXFileReference; lastKnownFileType = sourcecode.swift; path = CommentTableViewCell.swift; sourceTree = "<group>"; };
		046D81892B9B21920063EDB3 /* CommentTableViewCell.xib */ = {isa = PBXFileReference; lastKnownFileType = file.xib; path = CommentTableViewCell.xib; sourceTree = "<group>"; };
		04774DF22C349AB900AC7D70 /* MLImageClassifier.swift */ = {isa = PBXFileReference; lastKnownFileType = sourcecode.swift; path = MLImageClassifier.swift; sourceTree = "<group>"; };
		04774DF42C349EF000AC7D70 /* DiseaseInfo.swift */ = {isa = PBXFileReference; lastKnownFileType = sourcecode.swift; path = DiseaseInfo.swift; sourceTree = "<group>"; };
		0478492B2B8F375900562F68 /* LaunchScreenController.swift */ = {isa = PBXFileReference; lastKnownFileType = sourcecode.swift; path = LaunchScreenController.swift; sourceTree = "<group>"; };
		049904DB2C32FB17008B2334 /* FertlizerCalculatorViewController.swift */ = {isa = PBXFileReference; lastKnownFileType = sourcecode.swift; path = FertlizerCalculatorViewController.swift; sourceTree = "<group>"; };
		049F77BB2B97952C00D65123 /* ShowPostViewController.swift */ = {isa = PBXFileReference; lastKnownFileType = sourcecode.swift; path = ShowPostViewController.swift; sourceTree = "<group>"; };
		04A28D1D2BEA3214000B46BD /* PlantDetailsViewController.swift */ = {isa = PBXFileReference; lastKnownFileType = sourcecode.swift; path = PlantDetailsViewController.swift; sourceTree = "<group>"; };
		04B14CDC2BD2B76900440034 /* WeatherData.swift */ = {isa = PBXFileReference; lastKnownFileType = sourcecode.swift; path = WeatherData.swift; sourceTree = "<group>"; };
		04B14CDE2BD2B7D200440034 /* WeatherAPI.swift */ = {isa = PBXFileReference; lastKnownFileType = sourcecode.swift; path = WeatherAPI.swift; sourceTree = "<group>"; };
		04B14CE12BD2BE7600440034 /* HourlyCollectionViewCell.swift */ = {isa = PBXFileReference; lastKnownFileType = sourcecode.swift; path = HourlyCollectionViewCell.swift; sourceTree = "<group>"; };
		04B14CE32BD2BE8F00440034 /* DailyCollectionViewCell.swift */ = {isa = PBXFileReference; lastKnownFileType = sourcecode.swift; path = DailyCollectionViewCell.swift; sourceTree = "<group>"; };
		04B5A99F2BB6397800E25710 /* PlantsViewController.swift */ = {isa = PBXFileReference; lastKnownFileType = sourcecode.swift; path = PlantsViewController.swift; sourceTree = "<group>"; };
		04B5A9A12BB63C4500E25710 /* PlantTableViewCell.swift */ = {isa = PBXFileReference; lastKnownFileType = sourcecode.swift; path = PlantTableViewCell.swift; sourceTree = "<group>"; };
		04B5A9A22BB63C4500E25710 /* PlantTableViewCell.xib */ = {isa = PBXFileReference; lastKnownFileType = file.xib; path = PlantTableViewCell.xib; sourceTree = "<group>"; };
		04B6C1F02BC314C400C022CF /* WeatherViewController.swift */ = {isa = PBXFileReference; lastKnownFileType = sourcecode.swift; path = WeatherViewController.swift; sourceTree = "<group>"; };
		04D531E72B9DE47C00889D7B /* GoogleSignIn.framework */ = {isa = PBXFileReference; explicitFileType = wrapper.framework; path = GoogleSignIn.framework; sourceTree = BUILT_PRODUCTS_DIR; };
		04D531EB2B9DE4AA00889D7B /* AppAuth.framework */ = {isa = PBXFileReference; explicitFileType = wrapper.framework; path = AppAuth.framework; sourceTree = BUILT_PRODUCTS_DIR; };
		04D531EE2B9DE4F100889D7B /* GTMAppAuth.framework */ = {isa = PBXFileReference; explicitFileType = wrapper.framework; path = GTMAppAuth.framework; sourceTree = BUILT_PRODUCTS_DIR; };
		04F815882B8DF0C5000D2DAD /* Plantie.app */ = {isa = PBXFileReference; explicitFileType = wrapper.application; includeInIndex = 0; path = Plantie.app; sourceTree = BUILT_PRODUCTS_DIR; };
		04F8158B2B8DF0C5000D2DAD /* AppDelegate.swift */ = {isa = PBXFileReference; lastKnownFileType = sourcecode.swift; path = AppDelegate.swift; sourceTree = "<group>"; };
		04F8158D2B8DF0C5000D2DAD /* SceneDelegate.swift */ = {isa = PBXFileReference; lastKnownFileType = sourcecode.swift; path = SceneDelegate.swift; sourceTree = "<group>"; };
		04F815922B8DF0C5000D2DAD /* Base */ = {isa = PBXFileReference; lastKnownFileType = file.storyboard; name = Base; path = Base.lproj/Main.storyboard; sourceTree = "<group>"; };
		04F815942B8DF0C8000D2DAD /* Assets.xcassets */ = {isa = PBXFileReference; lastKnownFileType = folder.assetcatalog; path = Assets.xcassets; sourceTree = "<group>"; };
		04F815972B8DF0C8000D2DAD /* Base */ = {isa = PBXFileReference; lastKnownFileType = file.storyboard; name = Base; path = Base.lproj/LaunchScreen.storyboard; sourceTree = "<group>"; };
		04F815992B8DF0C8000D2DAD /* Info.plist */ = {isa = PBXFileReference; lastKnownFileType = text.plist.xml; path = Info.plist; sourceTree = "<group>"; };
		04F8159E2B8DF0C8000D2DAD /* PlantieTests.xctest */ = {isa = PBXFileReference; explicitFileType = wrapper.cfbundle; includeInIndex = 0; path = PlantieTests.xctest; sourceTree = BUILT_PRODUCTS_DIR; };
		04F815A22B8DF0C8000D2DAD /* PlantieTests.swift */ = {isa = PBXFileReference; lastKnownFileType = sourcecode.swift; path = PlantieTests.swift; sourceTree = "<group>"; };
		04F815A82B8DF0C8000D2DAD /* PlantieUITests.xctest */ = {isa = PBXFileReference; explicitFileType = wrapper.cfbundle; includeInIndex = 0; path = PlantieUITests.xctest; sourceTree = BUILT_PRODUCTS_DIR; };
		04F815AC2B8DF0C8000D2DAD /* PlantieUITests.swift */ = {isa = PBXFileReference; lastKnownFileType = sourcecode.swift; path = PlantieUITests.swift; sourceTree = "<group>"; };
		04F815AE2B8DF0C8000D2DAD /* PlantieUITestsLaunchTests.swift */ = {isa = PBXFileReference; lastKnownFileType = sourcecode.swift; path = PlantieUITestsLaunchTests.swift; sourceTree = "<group>"; };
		04F815DA2B8DF98C000D2DAD /* CustomTabBarController.swift */ = {isa = PBXFileReference; lastKnownFileType = sourcecode.swift; path = CustomTabBarController.swift; sourceTree = "<group>"; };
		04F815E12B8E0011000D2DAD /* PlantLottieLoading.json */ = {isa = PBXFileReference; fileEncoding = 4; lastKnownFileType = text.json; path = PlantLottieLoading.json; sourceTree = "<group>"; };
		04F815E32B8E0025000D2DAD /* Harmattan-Bold.ttf */ = {isa = PBXFileReference; lastKnownFileType = file; path = "Harmattan-Bold.ttf"; sourceTree = "<group>"; };
		04F815E52B8E002E000D2DAD /* Harmattan-Regular.ttf */ = {isa = PBXFileReference; lastKnownFileType = file; path = "Harmattan-Regular.ttf"; sourceTree = "<group>"; };
		04F815E72B8E006F000D2DAD /* SplashViewController.swift */ = {isa = PBXFileReference; lastKnownFileType = sourcecode.swift; path = SplashViewController.swift; sourceTree = "<group>"; };
		04FB2B372B966E2B00650C86 /* Post.swift */ = {isa = PBXFileReference; lastKnownFileType = sourcecode.swift; path = Post.swift; sourceTree = "<group>"; };
		04FB2B3A2B9671EA00650C86 /* CommunityViewController.swift */ = {isa = PBXFileReference; lastKnownFileType = sourcecode.swift; path = CommunityViewController.swift; sourceTree = "<group>"; };
		05A8DA2726E4922378645E05 /* Pods-PlantieTests.release.xcconfig */ = {isa = PBXFileReference; includeInIndex = 1; lastKnownFileType = text.xcconfig; name = "Pods-PlantieTests.release.xcconfig"; path = "Target Support Files/Pods-PlantieTests/Pods-PlantieTests.release.xcconfig"; sourceTree = "<group>"; };
		0C2D34F12142B076BD37D80E /* Pods-Plantie-PlantieUITests.debug.xcconfig */ = {isa = PBXFileReference; includeInIndex = 1; lastKnownFileType = text.xcconfig; name = "Pods-Plantie-PlantieUITests.debug.xcconfig"; path = "Target Support Files/Pods-Plantie-PlantieUITests/Pods-Plantie-PlantieUITests.debug.xcconfig"; sourceTree = "<group>"; };
		2C438EE92539776954BB7A07 /* Pods-Plantie-PlantieUITests.release.xcconfig */ = {isa = PBXFileReference; includeInIndex = 1; lastKnownFileType = text.xcconfig; name = "Pods-Plantie-PlantieUITests.release.xcconfig"; path = "Target Support Files/Pods-Plantie-PlantieUITests/Pods-Plantie-PlantieUITests.release.xcconfig"; sourceTree = "<group>"; };
		31E25189690426C55FABD335 /* Pods_Plantie.framework */ = {isa = PBXFileReference; explicitFileType = wrapper.framework; includeInIndex = 0; path = Pods_Plantie.framework; sourceTree = BUILT_PRODUCTS_DIR; };
		3D03DDB2EABC99F3DD4AC5D0 /* Pods-PlantieTests.debug.xcconfig */ = {isa = PBXFileReference; includeInIndex = 1; lastKnownFileType = text.xcconfig; name = "Pods-PlantieTests.debug.xcconfig"; path = "Target Support Files/Pods-PlantieTests/Pods-PlantieTests.debug.xcconfig"; sourceTree = "<group>"; };
		86D15EDDC64A89580624EC38 /* Pods-Plantie.release.xcconfig */ = {isa = PBXFileReference; includeInIndex = 1; lastKnownFileType = text.xcconfig; name = "Pods-Plantie.release.xcconfig"; path = "Target Support Files/Pods-Plantie/Pods-Plantie.release.xcconfig"; sourceTree = "<group>"; };
		B4C92AAD9F5BE0114DD8C2D0 /* Pods_PlantieTests.framework */ = {isa = PBXFileReference; explicitFileType = wrapper.framework; includeInIndex = 0; path = Pods_PlantieTests.framework; sourceTree = BUILT_PRODUCTS_DIR; };
		B5DF75C0FD9B618D40F82636 /* Pods_Plantie_PlantieUITests.framework */ = {isa = PBXFileReference; explicitFileType = wrapper.framework; includeInIndex = 0; path = Pods_Plantie_PlantieUITests.framework; sourceTree = BUILT_PRODUCTS_DIR; };
		D1C527B10360D7581112DB6B /* Pods-Plantie.debug.xcconfig */ = {isa = PBXFileReference; includeInIndex = 1; lastKnownFileType = text.xcconfig; name = "Pods-Plantie.debug.xcconfig"; path = "Target Support Files/Pods-Plantie/Pods-Plantie.debug.xcconfig"; sourceTree = "<group>"; };
/* End PBXFileReference section */

/* Begin PBXFrameworksBuildPhase section */
		04F815852B8DF0C5000D2DAD /* Frameworks */ = {
			isa = PBXFrameworksBuildPhase;
			buildActionMask = 2147483647;
			files = (
				0429D9002C28913F00B28F31 /* FirebaseDatabaseSwift in Frameworks */,
				0429D9162C289D5300B28F31 /* GoogleSignIn in Frameworks */,
				0429D91B2C289DB600B28F31 /* NVActivityIndicatorView in Frameworks */,
				0429D8FE2C28913F00B28F31 /* FirebaseDatabase in Frameworks */,
				0429D8FA2C28913F00B28F31 /* FirebaseAppCheck in Frameworks */,
				0429D9042C28913F00B28F31 /* FirebaseFirestoreCombine-Community in Frameworks */,
				0429D8FC2C28913F00B28F31 /* FirebaseAuth in Frameworks */,
				0429D92A2C28A72200B28F31 /* FacebookCore in Frameworks */,
				0429D9062C28913F00B28F31 /* FirebaseFirestoreSwift in Frameworks */,
				0429D9232C289F7A00B28F31 /* Lottie in Frameworks */,
				0429D91D2C289DB600B28F31 /* NVActivityIndicatorViewExtended in Frameworks */,
				0429D8F62C28913F00B28F31 /* FirebaseAnalytics in Frameworks */,
				0429D9202C289E3C00B28F31 /* SKPhotoBrowser in Frameworks */,
				0429D9022C28913F00B28F31 /* FirebaseFirestore in Frameworks */,
				0429D9182C289D5300B28F31 /* GoogleSignInSwift in Frameworks */,
				0429D9312C28A7EF00B28F31 /* SDWebImage in Frameworks */,
				0429D90C2C28913F00B28F31 /* FirebaseMessaging in Frameworks */,
				0429D92E2C28A72200B28F31 /* FacebookShare in Frameworks */,
				0429D8F82C28913F00B28F31 /* FirebaseAnalyticsWithoutAdIdSupport in Frameworks */,
				0429D9112C28943200B28F31 /* SwiftLocation in Frameworks */,
				0429D9082C28913F00B28F31 /* FirebaseFunctions in Frameworks */,
				0429D9262C28A72200B28F31 /* FacebookAEM in Frameworks */,
				0429D92C2C28A72200B28F31 /* FacebookLogin in Frameworks */,
				0429D9282C28A72200B28F31 /* FacebookBasics in Frameworks */,
				0429D90E2C28913F00B28F31 /* FirebaseStorage in Frameworks */,
				D486C5F3C21707B6D0266E5B /* Pods_Plantie.framework in Frameworks */,
				0429D9332C28A7EF00B28F31 /* SDWebImageMapKit in Frameworks */,
				0429D90A2C28913F00B28F31 /* FirebaseInAppMessaging-Beta in Frameworks */,
			);
			runOnlyForDeploymentPostprocessing = 0;
		};
		04F8159B2B8DF0C8000D2DAD /* Frameworks */ = {
			isa = PBXFrameworksBuildPhase;
			buildActionMask = 2147483647;
			files = (
				13EA3E37934EF91D1107C15A /* Pods_PlantieTests.framework in Frameworks */,
			);
			runOnlyForDeploymentPostprocessing = 0;
		};
		04F815A52B8DF0C8000D2DAD /* Frameworks */ = {
			isa = PBXFrameworksBuildPhase;
			buildActionMask = 2147483647;
			files = (
				5FBCE1DE3DC43BD5CC80A565 /* Pods_Plantie_PlantieUITests.framework in Frameworks */,
			);
			runOnlyForDeploymentPostprocessing = 0;
		};
/* End PBXFrameworksBuildPhase section */

/* Begin PBXGroup section */
		043989DB2B978C5C00FA0FF7 /* Show Post */ = {
			isa = PBXGroup;
			children = (
				049F77BB2B97952C00D65123 /* ShowPostViewController.swift */,
				046D81882B9B21920063EDB3 /* CommentTableViewCell.swift */,
				046D81892B9B21920063EDB3 /* CommentTableViewCell.xib */,
			);
			path = "Show Post";
			sourceTree = "<group>";
		};
		044B14902B8E27890087C094 /* Helpers */ = {
			isa = PBXGroup;
			children = (
				044B14912B8E2B170087C094 /* Extentions */,
				044B14982B8E2B990087C094 /* Constents.swift */,
				044B149A2B8E2BDA0087C094 /* Global Functions.swift */,
				043989CD2B972C0500FA0FF7 /* ExpandableLabel.swift */,
				043989D52B975A4800FA0FF7 /* ShadowView.swift */,
			);
			path = Helpers;
			sourceTree = "<group>";
		};
		044B14912B8E2B170087C094 /* Extentions */ = {
			isa = PBXGroup;
			children = (
				044B14922B8E2B3E0087C094 /* UITableViewExtension.swift */,
				044B14942B8E2B590087C094 /* UIImageViewExtension.swift */,
				044B14962B8E2B770087C094 /* StringExtension.swift */,
				042E16952BE774820066C585 /* UIViewExtenstion.swift */,
			);
			path = Extentions;
			sourceTree = "<group>";
		};
		044B149C2B8E2FE90087C094 /* Firebase */ = {
			isa = PBXGroup;
			children = (
				044B149D2B8E30180087C094 /* FUserListener.swift */,
				044B149F2B8E30650087C094 /* FCollectionReference.swift */,
				044B14A12B8E307A0087C094 /* FileStorage.swift */,
				043ED8032B99D8E200832BB0 /* RealtimeDatabaseManager.swift */,
			);
			path = Firebase;
			sourceTree = "<group>";
		};
		044B14A52B8E33060087C094 /* Profile */ = {
			isa = PBXGroup;
			children = (
				044B148E2B8E25FF0087C094 /* ProfileViewController.swift */,
				044B14AB2B8E38AC0087C094 /* EditProfile.swift */,
			);
			path = Profile;
			sourceTree = "<group>";
		};
		044D9F3E2BEEB5C9008EA71A /* Plant Collection */ = {
			isa = PBXGroup;
			children = (
				044D9F3A2BEEB40B008EA71A /* PlantCollectionViewCell.swift */,
				044D9F3B2BEEB40B008EA71A /* PlantCollectionViewCell.xib */,
			);
			path = "Plant Collection";
			sourceTree = "<group>";
		};
		046537842B97134B001880C1 /* Table Community Cells */ = {
			isa = PBXGroup;
			children = (
				046537892B9713C8001880C1 /* TextWithImages */,
				0465378E2B971413001880C1 /* OnlyText */,
			);
			path = "Table Community Cells";
			sourceTree = "<group>";
		};
		046537892B9713C8001880C1 /* TextWithImages */ = {
			isa = PBXGroup;
			children = (
				046537852B9713AE001880C1 /* TextWithImagesTableViewCell.swift */,
				046537862B9713AE001880C1 /* TextWithImagesTableViewCell.xib */,
				043989C92B97244F00FA0FF7 /* ImagesPostCollectionViewCell.swift */,
				043989CA2B97244F00FA0FF7 /* ImagesPostCollectionViewCell.xib */,
			);
			path = TextWithImages;
			sourceTree = "<group>";
		};
		0465378E2B971413001880C1 /* OnlyText */ = {
			isa = PBXGroup;
			children = (
				0465378A2B97140A001880C1 /* TextTableViewCell.swift */,
				0465378B2B97140A001880C1 /* TextTableViewCell.xib */,
			);
			path = OnlyText;
			sourceTree = "<group>";
		};
		04879C392BB777B000A70746 /* Table Plants Controller */ = {
			isa = PBXGroup;
			children = (
				04B5A9A12BB63C4500E25710 /* PlantTableViewCell.swift */,
				04B5A9A22BB63C4500E25710 /* PlantTableViewCell.xib */,
			);
			path = "Table Plants Controller";
			sourceTree = "<group>";
		};
		04B14CE02BD2BDCC00440034 /* Weather Collections */ = {
			isa = PBXGroup;
			children = (
				04B14CE12BD2BE7600440034 /* HourlyCollectionViewCell.swift */,
				04B14CE32BD2BE8F00440034 /* DailyCollectionViewCell.swift */,
			);
			path = "Weather Collections";
			sourceTree = "<group>";
		};
		04ED26F02B9CF3F70034D6BE /* Plants */ = {
			isa = PBXGroup;
			children = (
				04B5A99F2BB6397800E25710 /* PlantsViewController.swift */,
				04B6C1F02BC314C400C022CF /* WeatherViewController.swift */,
				04A28D1D2BEA3214000B46BD /* PlantDetailsViewController.swift */,
				049904DB2C32FB17008B2334 /* FertlizerCalculatorViewController.swift */,
			);
			path = Plants;
			sourceTree = "<group>";
		};
		04ED26F12B9CF4040034D6BE /* Detection */ = {
			isa = PBXGroup;
			children = (
				045439592C07D54000C55542 /* DetectionViewController.swift */,
				04508B6D2C347981005BDAB1 /* MapViewController.swift */,
			);
			path = Detection;
			sourceTree = "<group>";
		};
		04F8157F2B8DF0C5000D2DAD = {
			isa = PBXGroup;
			children = (
				04F8158A2B8DF0C5000D2DAD /* Plantie */,
				04F815A12B8DF0C8000D2DAD /* PlantieTests */,
				04F815AB2B8DF0C8000D2DAD /* PlantieUITests */,
				04F815892B8DF0C5000D2DAD /* Products */,
				259712BF6B3AD383E2CC1E3D /* Pods */,
				AA8192E3049A397379CC4FAB /* Frameworks */,
			);
			sourceTree = "<group>";
		};
		04F815892B8DF0C5000D2DAD /* Products */ = {
			isa = PBXGroup;
			children = (
				04F815882B8DF0C5000D2DAD /* Plantie.app */,
				04F8159E2B8DF0C8000D2DAD /* PlantieTests.xctest */,
				04F815A82B8DF0C8000D2DAD /* PlantieUITests.xctest */,
			);
			name = Products;
			sourceTree = "<group>";
		};
		04F8158A2B8DF0C5000D2DAD /* Plantie */ = {
			isa = PBXGroup;
			children = (
				045439552C07B93000C55542 /* PlantieML.mlpackage */,
				044B149C2B8E2FE90087C094 /* Firebase */,
				044B14902B8E27890087C094 /* Helpers */,
				04F815E92B8E01A4000D2DAD /* Controller */,
				04F815EA2B8E01AD000D2DAD /* View */,
				04F815EB2B8E01CE000D2DAD /* Model */,
				04F815942B8DF0C8000D2DAD /* Assets.xcassets */,
				04F815DE2B8DFFD3000D2DAD /* Resorces */,
				04F815992B8DF0C8000D2DAD /* Info.plist */,
				043D25442C29810900AF6E75 /* GoogleService-Info.plist */,
			);
			path = Plantie;
			sourceTree = "<group>";
		};
		04F815A12B8DF0C8000D2DAD /* PlantieTests */ = {
			isa = PBXGroup;
			children = (
				04F815A22B8DF0C8000D2DAD /* PlantieTests.swift */,
			);
			path = PlantieTests;
			sourceTree = "<group>";
		};
		04F815AB2B8DF0C8000D2DAD /* PlantieUITests */ = {
			isa = PBXGroup;
			children = (
				04F815AC2B8DF0C8000D2DAD /* PlantieUITests.swift */,
				04F815AE2B8DF0C8000D2DAD /* PlantieUITestsLaunchTests.swift */,
			);
			path = PlantieUITests;
			sourceTree = "<group>";
		};
		04F815DE2B8DFFD3000D2DAD /* Resorces */ = {
			isa = PBXGroup;
			children = (
				0429105E2BB7484D0002B465 /* PlantsData.json */,
				04F815E02B8DFFF9000D2DAD /* Animations Lottie */,
				04F815DF2B8DFFEE000D2DAD /* Fonts */,
			);
			path = Resorces;
			sourceTree = "<group>";
		};
		04F815DF2B8DFFEE000D2DAD /* Fonts */ = {
			isa = PBXGroup;
			children = (
				04F815E52B8E002E000D2DAD /* Harmattan-Regular.ttf */,
				04F815E32B8E0025000D2DAD /* Harmattan-Bold.ttf */,
			);
			path = Fonts;
			sourceTree = "<group>";
		};
		04F815E02B8DFFF9000D2DAD /* Animations Lottie */ = {
			isa = PBXGroup;
			children = (
				04F815E12B8E0011000D2DAD /* PlantLottieLoading.json */,
			);
			path = "Animations Lottie";
			sourceTree = "<group>";
		};
		04F815E92B8E01A4000D2DAD /* Controller */ = {
			isa = PBXGroup;
			children = (
				04ED26F02B9CF3F70034D6BE /* Plants */,
				04FB2B392B9671C000650C86 /* Community */,
				04ED26F12B9CF4040034D6BE /* Detection */,
				044B14A52B8E33060087C094 /* Profile */,
				04F8158B2B8DF0C5000D2DAD /* AppDelegate.swift */,
				04F8158D2B8DF0C5000D2DAD /* SceneDelegate.swift */,
				04F815E72B8E006F000D2DAD /* SplashViewController.swift */,
				04F815DA2B8DF98C000D2DAD /* CustomTabBarController.swift */,
				0478492B2B8F375900562F68 /* LaunchScreenController.swift */,
				043EF0292B8F523D007F8E6C /* LoginViewController.swift */,
				043EF02B2B8F5252007F8E6C /* RegisterViewController.swift */,
			);
			path = Controller;
			sourceTree = "<group>";
		};
		04F815EA2B8E01AD000D2DAD /* View */ = {
			isa = PBXGroup;
			children = (
				044D9F3E2BEEB5C9008EA71A /* Plant Collection */,
				04B14CE02BD2BDCC00440034 /* Weather Collections */,
				04879C392BB777B000A70746 /* Table Plants Controller */,
				046537842B97134B001880C1 /* Table Community Cells */,
				04F815912B8DF0C5000D2DAD /* Main.storyboard */,
				04F815962B8DF0C8000D2DAD /* LaunchScreen.storyboard */,
			);
			path = View;
			sourceTree = "<group>";
		};
		04F815EB2B8E01CE000D2DAD /* Model */ = {
			isa = PBXGroup;
			children = (
				044B14A32B8E320B0087C094 /* User.swift */,
				04FB2B372B966E2B00650C86 /* Post.swift */,
				042910602BB748B10002B465 /* Plant.swift */,
				042910622BB753140002B465 /* PlantLoader.swift */,
				04B14CDC2BD2B76900440034 /* WeatherData.swift */,
				04B14CDE2BD2B7D200440034 /* WeatherAPI.swift */,
				04774DF22C349AB900AC7D70 /* MLImageClassifier.swift */,
				04774DF42C349EF000AC7D70 /* DiseaseInfo.swift */,
			);
			path = Model;
			sourceTree = "<group>";
		};
		04FB2B392B9671C000650C86 /* Community */ = {
			isa = PBXGroup;
			children = (
				04FB2B3A2B9671EA00650C86 /* CommunityViewController.swift */,
				04519DAA2B9679E900D190AE /* AddPostViewController.swift */,
				043989DB2B978C5C00FA0FF7 /* Show Post */,
			);
			path = Community;
			sourceTree = "<group>";
		};
		259712BF6B3AD383E2CC1E3D /* Pods */ = {
			isa = PBXGroup;
			children = (
				D1C527B10360D7581112DB6B /* Pods-Plantie.debug.xcconfig */,
				86D15EDDC64A89580624EC38 /* Pods-Plantie.release.xcconfig */,
				0C2D34F12142B076BD37D80E /* Pods-Plantie-PlantieUITests.debug.xcconfig */,
				2C438EE92539776954BB7A07 /* Pods-Plantie-PlantieUITests.release.xcconfig */,
				3D03DDB2EABC99F3DD4AC5D0 /* Pods-PlantieTests.debug.xcconfig */,
				05A8DA2726E4922378645E05 /* Pods-PlantieTests.release.xcconfig */,
			);
			path = Pods;
			sourceTree = "<group>";
		};
		AA8192E3049A397379CC4FAB /* Frameworks */ = {
			isa = PBXGroup;
			children = (
				04D531EE2B9DE4F100889D7B /* GTMAppAuth.framework */,
				04D531EB2B9DE4AA00889D7B /* AppAuth.framework */,
				04D531E72B9DE47C00889D7B /* GoogleSignIn.framework */,
				31E25189690426C55FABD335 /* Pods_Plantie.framework */,
				B5DF75C0FD9B618D40F82636 /* Pods_Plantie_PlantieUITests.framework */,
				B4C92AAD9F5BE0114DD8C2D0 /* Pods_PlantieTests.framework */,
			);
			name = Frameworks;
			sourceTree = "<group>";
		};
/* End PBXGroup section */

/* Begin PBXNativeTarget section */
		04F815872B8DF0C5000D2DAD /* Plantie */ = {
			isa = PBXNativeTarget;
			buildConfigurationList = 04F815B22B8DF0C8000D2DAD /* Build configuration list for PBXNativeTarget "Plantie" */;
			buildPhases = (
				9C24578603E53699DECF7446 /* [CP] Check Pods Manifest.lock */,
				04F815842B8DF0C5000D2DAD /* Sources */,
				04F815852B8DF0C5000D2DAD /* Frameworks */,
				04F815862B8DF0C5000D2DAD /* Resources */,
				9721778270B2C5BEDA048235 /* [CP] Embed Pods Frameworks */,
			);
			buildRules = (
			);
			dependencies = (
			);
			name = Plantie;
			packageProductDependencies = (
				0429D8F52C28913F00B28F31 /* FirebaseAnalytics */,
				0429D8F72C28913F00B28F31 /* FirebaseAnalyticsWithoutAdIdSupport */,
				0429D8F92C28913F00B28F31 /* FirebaseAppCheck */,
				0429D8FB2C28913F00B28F31 /* FirebaseAuth */,
				0429D8FD2C28913F00B28F31 /* FirebaseDatabase */,
				0429D8FF2C28913F00B28F31 /* FirebaseDatabaseSwift */,
				0429D9012C28913F00B28F31 /* FirebaseFirestore */,
				0429D9032C28913F00B28F31 /* FirebaseFirestoreCombine-Community */,
				0429D9052C28913F00B28F31 /* FirebaseFirestoreSwift */,
				0429D9072C28913F00B28F31 /* FirebaseFunctions */,
				0429D9092C28913F00B28F31 /* FirebaseInAppMessaging-Beta */,
				0429D90B2C28913F00B28F31 /* FirebaseMessaging */,
				0429D90D2C28913F00B28F31 /* FirebaseStorage */,
				0429D9102C28943200B28F31 /* SwiftLocation */,
				0429D9152C289D5300B28F31 /* GoogleSignIn */,
				0429D9172C289D5300B28F31 /* GoogleSignInSwift */,
				0429D91A2C289DB600B28F31 /* NVActivityIndicatorView */,
				0429D91C2C289DB600B28F31 /* NVActivityIndicatorViewExtended */,
				0429D91F2C289E3C00B28F31 /* SKPhotoBrowser */,
				0429D9222C289F7A00B28F31 /* Lottie */,
				0429D9252C28A72200B28F31 /* FacebookAEM */,
				0429D9272C28A72200B28F31 /* FacebookBasics */,
				0429D9292C28A72200B28F31 /* FacebookCore */,
				0429D92B2C28A72200B28F31 /* FacebookLogin */,
				0429D92D2C28A72200B28F31 /* FacebookShare */,
				0429D9302C28A7EF00B28F31 /* SDWebImage */,
				0429D9322C28A7EF00B28F31 /* SDWebImageMapKit */,
			);
			productName = Plantie;
			productReference = 04F815882B8DF0C5000D2DAD /* Plantie.app */;
			productType = "com.apple.product-type.application";
		};
		04F8159D2B8DF0C8000D2DAD /* PlantieTests */ = {
			isa = PBXNativeTarget;
			buildConfigurationList = 04F815B52B8DF0C8000D2DAD /* Build configuration list for PBXNativeTarget "PlantieTests" */;
			buildPhases = (
				B3252374EC70666C663E15DB /* [CP] Check Pods Manifest.lock */,
				04F8159A2B8DF0C8000D2DAD /* Sources */,
				04F8159B2B8DF0C8000D2DAD /* Frameworks */,
				04F8159C2B8DF0C8000D2DAD /* Resources */,
			);
			buildRules = (
			);
			dependencies = (
				04F815A02B8DF0C8000D2DAD /* PBXTargetDependency */,
			);
			name = PlantieTests;
			productName = PlantieTests;
			productReference = 04F8159E2B8DF0C8000D2DAD /* PlantieTests.xctest */;
			productType = "com.apple.product-type.bundle.unit-test";
		};
		04F815A72B8DF0C8000D2DAD /* PlantieUITests */ = {
			isa = PBXNativeTarget;
			buildConfigurationList = 04F815B82B8DF0C8000D2DAD /* Build configuration list for PBXNativeTarget "PlantieUITests" */;
			buildPhases = (
				55DCC0FC33B1324F190C49E6 /* [CP] Check Pods Manifest.lock */,
				04F815A42B8DF0C8000D2DAD /* Sources */,
				04F815A52B8DF0C8000D2DAD /* Frameworks */,
				04F815A62B8DF0C8000D2DAD /* Resources */,
				B47D662DA595363655210A4C /* [CP] Embed Pods Frameworks */,
			);
			buildRules = (
			);
			dependencies = (
				04F815AA2B8DF0C8000D2DAD /* PBXTargetDependency */,
			);
			name = PlantieUITests;
			productName = PlantieUITests;
			productReference = 04F815A82B8DF0C8000D2DAD /* PlantieUITests.xctest */;
			productType = "com.apple.product-type.bundle.ui-testing";
		};
/* End PBXNativeTarget section */

/* Begin PBXProject section */
		04F815802B8DF0C5000D2DAD /* Project object */ = {
			isa = PBXProject;
			attributes = {
				BuildIndependentTargetsInParallel = 1;
				LastSwiftUpdateCheck = 1520;
				LastUpgradeCheck = 1520;
				TargetAttributes = {
					04F815872B8DF0C5000D2DAD = {
						CreatedOnToolsVersion = 15.2;
					};
					04F8159D2B8DF0C8000D2DAD = {
						CreatedOnToolsVersion = 15.2;
						TestTargetID = 04F815872B8DF0C5000D2DAD;
					};
					04F815A72B8DF0C8000D2DAD = {
						CreatedOnToolsVersion = 15.2;
						TestTargetID = 04F815872B8DF0C5000D2DAD;
					};
				};
			};
			buildConfigurationList = 04F815832B8DF0C5000D2DAD /* Build configuration list for PBXProject "Plantie" */;
			compatibilityVersion = "Xcode 14.0";
			developmentRegion = en;
			hasScannedForEncodings = 0;
			knownRegions = (
				en,
				Base,
			);
			mainGroup = 04F8157F2B8DF0C5000D2DAD;
			packageReferences = (
				0429D8F42C28913F00B28F31 /* XCRemoteSwiftPackageReference "firebase-ios-sdk" */,
				0429D90F2C28943200B28F31 /* XCRemoteSwiftPackageReference "SwiftLocation" */,
				0429D9132C28999E00B28F31 /* XCRemoteSwiftPackageReference "facebook-ios-sdk" */,
				0429D9142C289D5300B28F31 /* XCRemoteSwiftPackageReference "GoogleSignIn-iOS" */,
				0429D9192C289DB600B28F31 /* XCRemoteSwiftPackageReference "NVActivityIndicatorView" */,
				0429D91E2C289E3C00B28F31 /* XCRemoteSwiftPackageReference "SKPhotoBrowser" */,
				0429D9212C289F7A00B28F31 /* XCRemoteSwiftPackageReference "lottie-spm" */,
				0429D92F2C28A7EF00B28F31 /* XCRemoteSwiftPackageReference "SDWebImage" */,
			);
			productRefGroup = 04F815892B8DF0C5000D2DAD /* Products */;
			projectDirPath = "";
			projectRoot = "";
			targets = (
				04F815872B8DF0C5000D2DAD /* Plantie */,
				04F8159D2B8DF0C8000D2DAD /* PlantieTests */,
				04F815A72B8DF0C8000D2DAD /* PlantieUITests */,
			);
		};
/* End PBXProject section */

/* Begin PBXResourcesBuildPhase section */
		04F815862B8DF0C5000D2DAD /* Resources */ = {
			isa = PBXResourcesBuildPhase;
			buildActionMask = 2147483647;
			files = (
				04F815E42B8E0025000D2DAD /* Harmattan-Bold.ttf in Resources */,
				04B5A9A42BB63C4500E25710 /* PlantTableViewCell.xib in Resources */,
				043989CC2B97244F00FA0FF7 /* ImagesPostCollectionViewCell.xib in Resources */,
				04F815982B8DF0C8000D2DAD /* LaunchScreen.storyboard in Resources */,
				046537882B9713AE001880C1 /* TextWithImagesTableViewCell.xib in Resources */,
				04F815E62B8E002E000D2DAD /* Harmattan-Regular.ttf in Resources */,
				04F815E22B8E0011000D2DAD /* PlantLottieLoading.json in Resources */,
				046D818B2B9B21920063EDB3 /* CommentTableViewCell.xib in Resources */,
				044D9F3D2BEEB40B008EA71A /* PlantCollectionViewCell.xib in Resources */,
				0429105F2BB7484D0002B465 /* PlantsData.json in Resources */,
				0465378D2B97140A001880C1 /* TextTableViewCell.xib in Resources */,
				04F815952B8DF0C8000D2DAD /* Assets.xcassets in Resources */,
				04F815932B8DF0C5000D2DAD /* Main.storyboard in Resources */,
				043D25452C29810900AF6E75 /* GoogleService-Info.plist in Resources */,
			);
			runOnlyForDeploymentPostprocessing = 0;
		};
		04F8159C2B8DF0C8000D2DAD /* Resources */ = {
			isa = PBXResourcesBuildPhase;
			buildActionMask = 2147483647;
			files = (
			);
			runOnlyForDeploymentPostprocessing = 0;
		};
		04F815A62B8DF0C8000D2DAD /* Resources */ = {
			isa = PBXResourcesBuildPhase;
			buildActionMask = 2147483647;
			files = (
			);
			runOnlyForDeploymentPostprocessing = 0;
		};
/* End PBXResourcesBuildPhase section */

/* Begin PBXShellScriptBuildPhase section */
		55DCC0FC33B1324F190C49E6 /* [CP] Check Pods Manifest.lock */ = {
			isa = PBXShellScriptBuildPhase;
			buildActionMask = 2147483647;
			files = (
			);
			inputFileListPaths = (
			);
			inputPaths = (
				"${PODS_PODFILE_DIR_PATH}/Podfile.lock",
				"${PODS_ROOT}/Manifest.lock",
			);
			name = "[CP] Check Pods Manifest.lock";
			outputFileListPaths = (
			);
			outputPaths = (
				"$(DERIVED_FILE_DIR)/Pods-Plantie-PlantieUITests-checkManifestLockResult.txt",
			);
			runOnlyForDeploymentPostprocessing = 0;
			shellPath = /bin/sh;
			shellScript = "diff \"${PODS_PODFILE_DIR_PATH}/Podfile.lock\" \"${PODS_ROOT}/Manifest.lock\" > /dev/null\nif [ $? != 0 ] ; then\n    # print error to STDERR\n    echo \"error: The sandbox is not in sync with the Podfile.lock. Run 'pod install' or update your CocoaPods installation.\" >&2\n    exit 1\nfi\n# This output is used by Xcode 'outputs' to avoid re-running this script phase.\necho \"SUCCESS\" > \"${SCRIPT_OUTPUT_FILE_0}\"\n";
			showEnvVarsInLog = 0;
		};
		9721778270B2C5BEDA048235 /* [CP] Embed Pods Frameworks */ = {
			isa = PBXShellScriptBuildPhase;
			buildActionMask = 2147483647;
			files = (
			);
			inputFileListPaths = (
				"${PODS_ROOT}/Target Support Files/Pods-Plantie/Pods-Plantie-frameworks-${CONFIGURATION}-input-files.xcfilelist",
			);
			name = "[CP] Embed Pods Frameworks";
			outputFileListPaths = (
				"${PODS_ROOT}/Target Support Files/Pods-Plantie/Pods-Plantie-frameworks-${CONFIGURATION}-output-files.xcfilelist",
			);
			runOnlyForDeploymentPostprocessing = 0;
			shellPath = /bin/sh;
			shellScript = "\"${PODS_ROOT}/Target Support Files/Pods-Plantie/Pods-Plantie-frameworks.sh\"\n";
			showEnvVarsInLog = 0;
		};
		9C24578603E53699DECF7446 /* [CP] Check Pods Manifest.lock */ = {
			isa = PBXShellScriptBuildPhase;
			buildActionMask = 2147483647;
			files = (
			);
			inputFileListPaths = (
			);
			inputPaths = (
				"${PODS_PODFILE_DIR_PATH}/Podfile.lock",
				"${PODS_ROOT}/Manifest.lock",
			);
			name = "[CP] Check Pods Manifest.lock";
			outputFileListPaths = (
			);
			outputPaths = (
				"$(DERIVED_FILE_DIR)/Pods-Plantie-checkManifestLockResult.txt",
			);
			runOnlyForDeploymentPostprocessing = 0;
			shellPath = /bin/sh;
			shellScript = "diff \"${PODS_PODFILE_DIR_PATH}/Podfile.lock\" \"${PODS_ROOT}/Manifest.lock\" > /dev/null\nif [ $? != 0 ] ; then\n    # print error to STDERR\n    echo \"error: The sandbox is not in sync with the Podfile.lock. Run 'pod install' or update your CocoaPods installation.\" >&2\n    exit 1\nfi\n# This output is used by Xcode 'outputs' to avoid re-running this script phase.\necho \"SUCCESS\" > \"${SCRIPT_OUTPUT_FILE_0}\"\n";
			showEnvVarsInLog = 0;
		};
		B3252374EC70666C663E15DB /* [CP] Check Pods Manifest.lock */ = {
			isa = PBXShellScriptBuildPhase;
			buildActionMask = 2147483647;
			files = (
			);
			inputFileListPaths = (
			);
			inputPaths = (
				"${PODS_PODFILE_DIR_PATH}/Podfile.lock",
				"${PODS_ROOT}/Manifest.lock",
			);
			name = "[CP] Check Pods Manifest.lock";
			outputFileListPaths = (
			);
			outputPaths = (
				"$(DERIVED_FILE_DIR)/Pods-PlantieTests-checkManifestLockResult.txt",
			);
			runOnlyForDeploymentPostprocessing = 0;
			shellPath = /bin/sh;
			shellScript = "diff \"${PODS_PODFILE_DIR_PATH}/Podfile.lock\" \"${PODS_ROOT}/Manifest.lock\" > /dev/null\nif [ $? != 0 ] ; then\n    # print error to STDERR\n    echo \"error: The sandbox is not in sync with the Podfile.lock. Run 'pod install' or update your CocoaPods installation.\" >&2\n    exit 1\nfi\n# This output is used by Xcode 'outputs' to avoid re-running this script phase.\necho \"SUCCESS\" > \"${SCRIPT_OUTPUT_FILE_0}\"\n";
			showEnvVarsInLog = 0;
		};
		B47D662DA595363655210A4C /* [CP] Embed Pods Frameworks */ = {
			isa = PBXShellScriptBuildPhase;
			buildActionMask = 2147483647;
			files = (
			);
			inputFileListPaths = (
				"${PODS_ROOT}/Target Support Files/Pods-Plantie-PlantieUITests/Pods-Plantie-PlantieUITests-frameworks-${CONFIGURATION}-input-files.xcfilelist",
			);
			name = "[CP] Embed Pods Frameworks";
			outputFileListPaths = (
				"${PODS_ROOT}/Target Support Files/Pods-Plantie-PlantieUITests/Pods-Plantie-PlantieUITests-frameworks-${CONFIGURATION}-output-files.xcfilelist",
			);
			runOnlyForDeploymentPostprocessing = 0;
			shellPath = /bin/sh;
			shellScript = "\"${PODS_ROOT}/Target Support Files/Pods-Plantie-PlantieUITests/Pods-Plantie-PlantieUITests-frameworks.sh\"\n";
			showEnvVarsInLog = 0;
		};
/* End PBXShellScriptBuildPhase section */

/* Begin PBXSourcesBuildPhase section */
		04F815842B8DF0C5000D2DAD /* Sources */ = {
			isa = PBXSourcesBuildPhase;
			buildActionMask = 2147483647;
			files = (
				043EF02A2B8F523D007F8E6C /* LoginViewController.swift in Sources */,
				04B6C1F12BC314C400C022CF /* WeatherViewController.swift in Sources */,
				04F8158C2B8DF0C5000D2DAD /* AppDelegate.swift in Sources */,
				04B5A9A32BB63C4500E25710 /* PlantTableViewCell.swift in Sources */,
				044B14952B8E2B590087C094 /* UIImageViewExtension.swift in Sources */,
				04F815DB2B8DF98C000D2DAD /* CustomTabBarController.swift in Sources */,
				0454395A2C07D54000C55542 /* DetectionViewController.swift in Sources */,
				042910612BB748B10002B465 /* Plant.swift in Sources */,
				0465378C2B97140A001880C1 /* TextTableViewCell.swift in Sources */,
				043ED8042B99D8E200832BB0 /* RealtimeDatabaseManager.swift in Sources */,
				04B14CDF2BD2B7D200440034 /* WeatherAPI.swift in Sources */,
				04774DF52C349EF000AC7D70 /* DiseaseInfo.swift in Sources */,
				043EF02C2B8F5252007F8E6C /* RegisterViewController.swift in Sources */,
				046D818A2B9B21920063EDB3 /* CommentTableViewCell.swift in Sources */,
				04508B6E2C347981005BDAB1 /* MapViewController.swift in Sources */,
				044B14AC2B8E38AC0087C094 /* EditProfile.swift in Sources */,
				044B148F2B8E25FF0087C094 /* ProfileViewController.swift in Sources */,
				04B14CE42BD2BE8F00440034 /* DailyCollectionViewCell.swift in Sources */,
				044D9F3C2BEEB40B008EA71A /* PlantCollectionViewCell.swift in Sources */,
				044B14992B8E2B990087C094 /* Constents.swift in Sources */,
				043989CB2B97244F00FA0FF7 /* ImagesPostCollectionViewCell.swift in Sources */,
				044B149B2B8E2BDA0087C094 /* Global Functions.swift in Sources */,
				04B14CDD2BD2B76900440034 /* WeatherData.swift in Sources */,
				046537872B9713AE001880C1 /* TextWithImagesTableViewCell.swift in Sources */,
				049F77BC2B97952C00D65123 /* ShowPostViewController.swift in Sources */,
				044B14A42B8E320B0087C094 /* User.swift in Sources */,
				04B5A9A02BB6397800E25710 /* PlantsViewController.swift in Sources */,
				044B14A22B8E307A0087C094 /* FileStorage.swift in Sources */,
				049904DC2C32FB17008B2334 /* FertlizerCalculatorViewController.swift in Sources */,
				044B14A02B8E30650087C094 /* FCollectionReference.swift in Sources */,
				04774DF32C349AB900AC7D70 /* MLImageClassifier.swift in Sources */,
				043989CE2B972C0500FA0FF7 /* ExpandableLabel.swift in Sources */,
				044B14972B8E2B770087C094 /* StringExtension.swift in Sources */,
				044B14932B8E2B3E0087C094 /* UITableViewExtension.swift in Sources */,
				043989D62B975A4800FA0FF7 /* ShadowView.swift in Sources */,
				044B149E2B8E30180087C094 /* FUserListener.swift in Sources */,
				04A28D1E2BEA3214000B46BD /* PlantDetailsViewController.swift in Sources */,
				04F8158E2B8DF0C5000D2DAD /* SceneDelegate.swift in Sources */,
				0478492C2B8F375900562F68 /* LaunchScreenController.swift in Sources */,
				042E16962BE774820066C585 /* UIViewExtenstion.swift in Sources */,
				04F815E82B8E006F000D2DAD /* SplashViewController.swift in Sources */,
				04B14CE22BD2BE7600440034 /* HourlyCollectionViewCell.swift in Sources */,
				04FB2B382B966E2B00650C86 /* Post.swift in Sources */,
				045439562C07B93000C55542 /* PlantieML.mlpackage in Sources */,
				04519DAB2B9679E900D190AE /* AddPostViewController.swift in Sources */,
				04FB2B3B2B9671EA00650C86 /* CommunityViewController.swift in Sources */,
				042910632BB753140002B465 /* PlantLoader.swift in Sources */,
			);
			runOnlyForDeploymentPostprocessing = 0;
		};
		04F8159A2B8DF0C8000D2DAD /* Sources */ = {
			isa = PBXSourcesBuildPhase;
			buildActionMask = 2147483647;
			files = (
				04F815A32B8DF0C8000D2DAD /* PlantieTests.swift in Sources */,
			);
			runOnlyForDeploymentPostprocessing = 0;
		};
		04F815A42B8DF0C8000D2DAD /* Sources */ = {
			isa = PBXSourcesBuildPhase;
			buildActionMask = 2147483647;
			files = (
				04F815AF2B8DF0C8000D2DAD /* PlantieUITestsLaunchTests.swift in Sources */,
				04F815AD2B8DF0C8000D2DAD /* PlantieUITests.swift in Sources */,
			);
			runOnlyForDeploymentPostprocessing = 0;
		};
/* End PBXSourcesBuildPhase section */

/* Begin PBXTargetDependency section */
		04F815A02B8DF0C8000D2DAD /* PBXTargetDependency */ = {
			isa = PBXTargetDependency;
			target = 04F815872B8DF0C5000D2DAD /* Plantie */;
			targetProxy = 04F8159F2B8DF0C8000D2DAD /* PBXContainerItemProxy */;
		};
		04F815AA2B8DF0C8000D2DAD /* PBXTargetDependency */ = {
			isa = PBXTargetDependency;
			target = 04F815872B8DF0C5000D2DAD /* Plantie */;
			targetProxy = 04F815A92B8DF0C8000D2DAD /* PBXContainerItemProxy */;
		};
/* End PBXTargetDependency section */

/* Begin PBXVariantGroup section */
		04F815912B8DF0C5000D2DAD /* Main.storyboard */ = {
			isa = PBXVariantGroup;
			children = (
				04F815922B8DF0C5000D2DAD /* Base */,
			);
			name = Main.storyboard;
			sourceTree = "<group>";
		};
		04F815962B8DF0C8000D2DAD /* LaunchScreen.storyboard */ = {
			isa = PBXVariantGroup;
			children = (
				04F815972B8DF0C8000D2DAD /* Base */,
			);
			name = LaunchScreen.storyboard;
			sourceTree = "<group>";
		};
/* End PBXVariantGroup section */

/* Begin XCBuildConfiguration section */
		04F815B02B8DF0C8000D2DAD /* Debug */ = {
			isa = XCBuildConfiguration;
			buildSettings = {
				ALWAYS_SEARCH_USER_PATHS = NO;
				ASSETCATALOG_COMPILER_GENERATE_SWIFT_ASSET_SYMBOL_EXTENSIONS = YES;
				CLANG_ANALYZER_NONNULL = YES;
				CLANG_ANALYZER_NUMBER_OBJECT_CONVERSION = YES_AGGRESSIVE;
				CLANG_CXX_LANGUAGE_STANDARD = "gnu++20";
				CLANG_ENABLE_MODULES = YES;
				CLANG_ENABLE_OBJC_ARC = YES;
				CLANG_ENABLE_OBJC_WEAK = YES;
				CLANG_WARN_BLOCK_CAPTURE_AUTORELEASING = YES;
				CLANG_WARN_BOOL_CONVERSION = YES;
				CLANG_WARN_COMMA = YES;
				CLANG_WARN_CONSTANT_CONVERSION = YES;
				CLANG_WARN_DEPRECATED_OBJC_IMPLEMENTATIONS = YES;
				CLANG_WARN_DIRECT_OBJC_ISA_USAGE = YES_ERROR;
				CLANG_WARN_DOCUMENTATION_COMMENTS = YES;
				CLANG_WARN_EMPTY_BODY = YES;
				CLANG_WARN_ENUM_CONVERSION = YES;
				CLANG_WARN_INFINITE_RECURSION = YES;
				CLANG_WARN_INT_CONVERSION = YES;
				CLANG_WARN_NON_LITERAL_NULL_CONVERSION = YES;
				CLANG_WARN_OBJC_IMPLICIT_RETAIN_SELF = YES;
				CLANG_WARN_OBJC_LITERAL_CONVERSION = YES;
				CLANG_WARN_OBJC_ROOT_CLASS = YES_ERROR;
				CLANG_WARN_QUOTED_INCLUDE_IN_FRAMEWORK_HEADER = YES;
				CLANG_WARN_RANGE_LOOP_ANALYSIS = YES;
				CLANG_WARN_STRICT_PROTOTYPES = YES;
				CLANG_WARN_SUSPICIOUS_MOVE = YES;
				CLANG_WARN_UNGUARDED_AVAILABILITY = YES_AGGRESSIVE;
				CLANG_WARN_UNREACHABLE_CODE = YES;
				CLANG_WARN__DUPLICATE_METHOD_MATCH = YES;
				COPY_PHASE_STRIP = NO;
				DEBUG_INFORMATION_FORMAT = dwarf;
				ENABLE_STRICT_OBJC_MSGSEND = YES;
				ENABLE_TESTABILITY = YES;
				ENABLE_USER_SCRIPT_SANDBOXING = NO;
				GCC_C_LANGUAGE_STANDARD = gnu17;
				GCC_DYNAMIC_NO_PIC = NO;
				GCC_NO_COMMON_BLOCKS = YES;
				GCC_OPTIMIZATION_LEVEL = 0;
				GCC_PREPROCESSOR_DEFINITIONS = (
					"DEBUG=1",
					"$(inherited)",
				);
				GCC_WARN_64_TO_32_BIT_CONVERSION = YES;
				GCC_WARN_ABOUT_RETURN_TYPE = YES_ERROR;
				GCC_WARN_UNDECLARED_SELECTOR = YES;
				GCC_WARN_UNINITIALIZED_AUTOS = YES_AGGRESSIVE;
				GCC_WARN_UNUSED_FUNCTION = YES;
				GCC_WARN_UNUSED_VARIABLE = YES;
				IPHONEOS_DEPLOYMENT_TARGET = 17.2;
				LOCALIZATION_PREFERS_STRING_CATALOGS = YES;
				MTL_ENABLE_DEBUG_INFO = INCLUDE_SOURCE;
				MTL_FAST_MATH = YES;
				ONLY_ACTIVE_ARCH = YES;
				SDKROOT = iphoneos;
				SWIFT_ACTIVE_COMPILATION_CONDITIONS = "DEBUG $(inherited)";
				SWIFT_OPTIMIZATION_LEVEL = "-Onone";
			};
			name = Debug;
		};
		04F815B12B8DF0C8000D2DAD /* Release */ = {
			isa = XCBuildConfiguration;
			buildSettings = {
				ALWAYS_SEARCH_USER_PATHS = NO;
				ASSETCATALOG_COMPILER_GENERATE_SWIFT_ASSET_SYMBOL_EXTENSIONS = YES;
				CLANG_ANALYZER_NONNULL = YES;
				CLANG_ANALYZER_NUMBER_OBJECT_CONVERSION = YES_AGGRESSIVE;
				CLANG_CXX_LANGUAGE_STANDARD = "gnu++20";
				CLANG_ENABLE_MODULES = YES;
				CLANG_ENABLE_OBJC_ARC = YES;
				CLANG_ENABLE_OBJC_WEAK = YES;
				CLANG_WARN_BLOCK_CAPTURE_AUTORELEASING = YES;
				CLANG_WARN_BOOL_CONVERSION = YES;
				CLANG_WARN_COMMA = YES;
				CLANG_WARN_CONSTANT_CONVERSION = YES;
				CLANG_WARN_DEPRECATED_OBJC_IMPLEMENTATIONS = YES;
				CLANG_WARN_DIRECT_OBJC_ISA_USAGE = YES_ERROR;
				CLANG_WARN_DOCUMENTATION_COMMENTS = YES;
				CLANG_WARN_EMPTY_BODY = YES;
				CLANG_WARN_ENUM_CONVERSION = YES;
				CLANG_WARN_INFINITE_RECURSION = YES;
				CLANG_WARN_INT_CONVERSION = YES;
				CLANG_WARN_NON_LITERAL_NULL_CONVERSION = YES;
				CLANG_WARN_OBJC_IMPLICIT_RETAIN_SELF = YES;
				CLANG_WARN_OBJC_LITERAL_CONVERSION = YES;
				CLANG_WARN_OBJC_ROOT_CLASS = YES_ERROR;
				CLANG_WARN_QUOTED_INCLUDE_IN_FRAMEWORK_HEADER = YES;
				CLANG_WARN_RANGE_LOOP_ANALYSIS = YES;
				CLANG_WARN_STRICT_PROTOTYPES = YES;
				CLANG_WARN_SUSPICIOUS_MOVE = YES;
				CLANG_WARN_UNGUARDED_AVAILABILITY = YES_AGGRESSIVE;
				CLANG_WARN_UNREACHABLE_CODE = YES;
				CLANG_WARN__DUPLICATE_METHOD_MATCH = YES;
				COPY_PHASE_STRIP = NO;
				DEBUG_INFORMATION_FORMAT = "dwarf-with-dsym";
				ENABLE_NS_ASSERTIONS = NO;
				ENABLE_STRICT_OBJC_MSGSEND = YES;
				ENABLE_USER_SCRIPT_SANDBOXING = NO;
				GCC_C_LANGUAGE_STANDARD = gnu17;
				GCC_NO_COMMON_BLOCKS = YES;
				GCC_WARN_64_TO_32_BIT_CONVERSION = YES;
				GCC_WARN_ABOUT_RETURN_TYPE = YES_ERROR;
				GCC_WARN_UNDECLARED_SELECTOR = YES;
				GCC_WARN_UNINITIALIZED_AUTOS = YES_AGGRESSIVE;
				GCC_WARN_UNUSED_FUNCTION = YES;
				GCC_WARN_UNUSED_VARIABLE = YES;
				IPHONEOS_DEPLOYMENT_TARGET = 17.2;
				LOCALIZATION_PREFERS_STRING_CATALOGS = YES;
				MTL_ENABLE_DEBUG_INFO = NO;
				MTL_FAST_MATH = YES;
				SDKROOT = iphoneos;
				SWIFT_COMPILATION_MODE = wholemodule;
				VALIDATE_PRODUCT = YES;
			};
			name = Release;
		};
		04F815B32B8DF0C8000D2DAD /* Debug */ = {
			isa = XCBuildConfiguration;
			baseConfigurationReference = D1C527B10360D7581112DB6B /* Pods-Plantie.debug.xcconfig */;
			buildSettings = {
				ASSETCATALOG_COMPILER_APPICON_NAME = AppIcon;
				ASSETCATALOG_COMPILER_GLOBAL_ACCENT_COLOR_NAME = AccentColor;
				CODE_SIGN_STYLE = Automatic;
				CURRENT_PROJECT_VERSION = 1;
				DEVELOPMENT_TEAM = B3LXW3QWQ2;
				GENERATE_INFOPLIST_FILE = YES;
				INFOPLIST_FILE = Plantie/Info.plist;
				INFOPLIST_KEY_NSCameraUsageDescription = " $(APP_NAME)  يحتاج الوصول الى الكاميرا لاتقاط الصوره";
				INFOPLIST_KEY_NSLocationUsageDescription = " $(APP_NAME)  يحتاج الوصول الى موقعك للحصول على حالة الطقس";
				INFOPLIST_KEY_NSLocationWhenInUseUsageDescription = " $(APP_NAME)  يحتاج الوصول الى موقعك للحصول على حالة الطقس";
				INFOPLIST_KEY_NSPhotoLibraryUsageDescription = " $(APP_NAME)  يحتاج الوصول الى المعرض لاختيار الصوره";
				INFOPLIST_KEY_UIApplicationSupportsIndirectInputEvents = YES;
				INFOPLIST_KEY_UILaunchStoryboardName = LaunchScreen;
				INFOPLIST_KEY_UIMainStoryboardFile = Main;
				INFOPLIST_KEY_UISupportedInterfaceOrientations = UIInterfaceOrientationPortrait;
				INFOPLIST_KEY_UISupportedInterfaceOrientations_iPad = "UIInterfaceOrientationLandscapeLeft UIInterfaceOrientationLandscapeRight UIInterfaceOrientationPortrait UIInterfaceOrientationPortraitUpsideDown";
				LD_RUNPATH_SEARCH_PATHS = (
					"$(inherited)",
					"@executable_path/Frameworks",
				);
				MARKETING_VERSION = 1.0;
				PRODUCT_BUNDLE_IDENTIFIER = nassar.Plantie;
				PRODUCT_NAME = "$(TARGET_NAME)";
				SUPPORTED_PLATFORMS = "iphoneos iphonesimulator";
				SUPPORTS_MACCATALYST = NO;
				SUPPORTS_MAC_DESIGNED_FOR_IPHONE_IPAD = NO;
				SUPPORTS_XR_DESIGNED_FOR_IPHONE_IPAD = NO;
				SWIFT_EMIT_LOC_STRINGS = YES;
				SWIFT_VERSION = 5.0;
				TARGETED_DEVICE_FAMILY = "1,2";
			};
			name = Debug;
		};
		04F815B42B8DF0C8000D2DAD /* Release */ = {
			isa = XCBuildConfiguration;
			baseConfigurationReference = 86D15EDDC64A89580624EC38 /* Pods-Plantie.release.xcconfig */;
			buildSettings = {
				ASSETCATALOG_COMPILER_APPICON_NAME = AppIcon;
				ASSETCATALOG_COMPILER_GLOBAL_ACCENT_COLOR_NAME = AccentColor;
				CODE_SIGN_STYLE = Automatic;
				CURRENT_PROJECT_VERSION = 1;
				DEVELOPMENT_TEAM = B3LXW3QWQ2;
				GENERATE_INFOPLIST_FILE = YES;
				INFOPLIST_FILE = Plantie/Info.plist;
				INFOPLIST_KEY_NSCameraUsageDescription = " $(APP_NAME)  يحتاج الوصول الى الكاميرا لاتقاط الصوره";
				INFOPLIST_KEY_NSLocationUsageDescription = " $(APP_NAME)  يحتاج الوصول الى موقعك للحصول على حالة الطقس";
				INFOPLIST_KEY_NSLocationWhenInUseUsageDescription = " $(APP_NAME)  يحتاج الوصول الى موقعك للحصول على حالة الطقس";
				INFOPLIST_KEY_NSPhotoLibraryUsageDescription = " $(APP_NAME)  يحتاج الوصول الى المعرض لاختيار الصوره";
				INFOPLIST_KEY_UIApplicationSupportsIndirectInputEvents = YES;
				INFOPLIST_KEY_UILaunchStoryboardName = LaunchScreen;
				INFOPLIST_KEY_UIMainStoryboardFile = Main;
				INFOPLIST_KEY_UISupportedInterfaceOrientations = UIInterfaceOrientationPortrait;
				INFOPLIST_KEY_UISupportedInterfaceOrientations_iPad = "UIInterfaceOrientationLandscapeLeft UIInterfaceOrientationLandscapeRight UIInterfaceOrientationPortrait UIInterfaceOrientationPortraitUpsideDown";
				LD_RUNPATH_SEARCH_PATHS = (
					"$(inherited)",
					"@executable_path/Frameworks",
				);
				MARKETING_VERSION = 1.0;
				PRODUCT_BUNDLE_IDENTIFIER = nassar.Plantie;
				PRODUCT_NAME = "$(TARGET_NAME)";
				SUPPORTED_PLATFORMS = "iphoneos iphonesimulator";
				SUPPORTS_MACCATALYST = NO;
				SUPPORTS_MAC_DESIGNED_FOR_IPHONE_IPAD = NO;
				SUPPORTS_XR_DESIGNED_FOR_IPHONE_IPAD = NO;
				SWIFT_EMIT_LOC_STRINGS = YES;
				SWIFT_VERSION = 5.0;
				TARGETED_DEVICE_FAMILY = "1,2";
			};
			name = Release;
		};
		04F815B62B8DF0C8000D2DAD /* Debug */ = {
			isa = XCBuildConfiguration;
			baseConfigurationReference = 3D03DDB2EABC99F3DD4AC5D0 /* Pods-PlantieTests.debug.xcconfig */;
			buildSettings = {
				ALWAYS_EMBED_SWIFT_STANDARD_LIBRARIES = YES;
				BUNDLE_LOADER = "$(TEST_HOST)";
				CODE_SIGN_STYLE = Automatic;
				CURRENT_PROJECT_VERSION = 1;
				GENERATE_INFOPLIST_FILE = YES;
				IPHONEOS_DEPLOYMENT_TARGET = 17.2;
				MARKETING_VERSION = 1.0;
				PRODUCT_BUNDLE_IDENTIFIER = nassar.PlantieTests;
				PRODUCT_NAME = "$(TARGET_NAME)";
				SWIFT_EMIT_LOC_STRINGS = NO;
				SWIFT_VERSION = 5.0;
				TARGETED_DEVICE_FAMILY = "1,2";
				TEST_HOST = "$(BUILT_PRODUCTS_DIR)/Plantie.app/$(BUNDLE_EXECUTABLE_FOLDER_PATH)/Plantie";
			};
			name = Debug;
		};
		04F815B72B8DF0C8000D2DAD /* Release */ = {
			isa = XCBuildConfiguration;
			baseConfigurationReference = 05A8DA2726E4922378645E05 /* Pods-PlantieTests.release.xcconfig */;
			buildSettings = {
				ALWAYS_EMBED_SWIFT_STANDARD_LIBRARIES = YES;
				BUNDLE_LOADER = "$(TEST_HOST)";
				CODE_SIGN_STYLE = Automatic;
				CURRENT_PROJECT_VERSION = 1;
				GENERATE_INFOPLIST_FILE = YES;
				IPHONEOS_DEPLOYMENT_TARGET = 17.2;
				MARKETING_VERSION = 1.0;
				PRODUCT_BUNDLE_IDENTIFIER = nassar.PlantieTests;
				PRODUCT_NAME = "$(TARGET_NAME)";
				SWIFT_EMIT_LOC_STRINGS = NO;
				SWIFT_VERSION = 5.0;
				TARGETED_DEVICE_FAMILY = "1,2";
				TEST_HOST = "$(BUILT_PRODUCTS_DIR)/Plantie.app/$(BUNDLE_EXECUTABLE_FOLDER_PATH)/Plantie";
			};
			name = Release;
		};
		04F815B92B8DF0C8000D2DAD /* Debug */ = {
			isa = XCBuildConfiguration;
			baseConfigurationReference = 0C2D34F12142B076BD37D80E /* Pods-Plantie-PlantieUITests.debug.xcconfig */;
			buildSettings = {
				ALWAYS_EMBED_SWIFT_STANDARD_LIBRARIES = YES;
				CODE_SIGN_STYLE = Automatic;
				CURRENT_PROJECT_VERSION = 1;
				GENERATE_INFOPLIST_FILE = YES;
				MARKETING_VERSION = 1.0;
				PRODUCT_BUNDLE_IDENTIFIER = nassar.PlantieUITests;
				PRODUCT_NAME = "$(TARGET_NAME)";
				SWIFT_EMIT_LOC_STRINGS = NO;
				SWIFT_VERSION = 5.0;
				TARGETED_DEVICE_FAMILY = "1,2";
				TEST_TARGET_NAME = Plantie;
			};
			name = Debug;
		};
		04F815BA2B8DF0C8000D2DAD /* Release */ = {
			isa = XCBuildConfiguration;
			baseConfigurationReference = 2C438EE92539776954BB7A07 /* Pods-Plantie-PlantieUITests.release.xcconfig */;
			buildSettings = {
				ALWAYS_EMBED_SWIFT_STANDARD_LIBRARIES = YES;
				CODE_SIGN_STYLE = Automatic;
				CURRENT_PROJECT_VERSION = 1;
				GENERATE_INFOPLIST_FILE = YES;
				MARKETING_VERSION = 1.0;
				PRODUCT_BUNDLE_IDENTIFIER = nassar.PlantieUITests;
				PRODUCT_NAME = "$(TARGET_NAME)";
				SWIFT_EMIT_LOC_STRINGS = NO;
				SWIFT_VERSION = 5.0;
				TARGETED_DEVICE_FAMILY = "1,2";
				TEST_TARGET_NAME = Plantie;
			};
			name = Release;
		};
/* End XCBuildConfiguration section */

/* Begin XCConfigurationList section */
		04F815832B8DF0C5000D2DAD /* Build configuration list for PBXProject "Plantie" */ = {
			isa = XCConfigurationList;
			buildConfigurations = (
				04F815B02B8DF0C8000D2DAD /* Debug */,
				04F815B12B8DF0C8000D2DAD /* Release */,
			);
			defaultConfigurationIsVisible = 0;
			defaultConfigurationName = Release;
		};
		04F815B22B8DF0C8000D2DAD /* Build configuration list for PBXNativeTarget "Plantie" */ = {
			isa = XCConfigurationList;
			buildConfigurations = (
				04F815B32B8DF0C8000D2DAD /* Debug */,
				04F815B42B8DF0C8000D2DAD /* Release */,
			);
			defaultConfigurationIsVisible = 0;
			defaultConfigurationName = Release;
		};
		04F815B52B8DF0C8000D2DAD /* Build configuration list for PBXNativeTarget "PlantieTests" */ = {
			isa = XCConfigurationList;
			buildConfigurations = (
				04F815B62B8DF0C8000D2DAD /* Debug */,
				04F815B72B8DF0C8000D2DAD /* Release */,
			);
			defaultConfigurationIsVisible = 0;
			defaultConfigurationName = Release;
		};
		04F815B82B8DF0C8000D2DAD /* Build configuration list for PBXNativeTarget "PlantieUITests" */ = {
			isa = XCConfigurationList;
			buildConfigurations = (
				04F815B92B8DF0C8000D2DAD /* Debug */,
				04F815BA2B8DF0C8000D2DAD /* Release */,
			);
			defaultConfigurationIsVisible = 0;
			defaultConfigurationName = Release;
		};
/* End XCConfigurationList section */

/* Begin XCRemoteSwiftPackageReference section */
		0429D8F42C28913F00B28F31 /* XCRemoteSwiftPackageReference "firebase-ios-sdk" */ = {
			isa = XCRemoteSwiftPackageReference;
			repositoryURL = "https://github.com/firebase/firebase-ios-sdk";
			requirement = {
				kind = upToNextMajorVersion;
				minimumVersion = 10.28.0;
			};
		};
		0429D90F2C28943200B28F31 /* XCRemoteSwiftPackageReference "SwiftLocation" */ = {
			isa = XCRemoteSwiftPackageReference;
			repositoryURL = "https://github.com/malcommac/SwiftLocation.git";
			requirement = {
				kind = upToNextMajorVersion;
				minimumVersion = 6.0.0;
			};
		};
		0429D9132C28999E00B28F31 /* XCRemoteSwiftPackageReference "facebook-ios-sdk" */ = {
			isa = XCRemoteSwiftPackageReference;
			repositoryURL = "https://github.com/facebook/facebook-ios-sdk";
			requirement = {
				kind = upToNextMajorVersion;
				minimumVersion = 13.0.0;
			};
		};
		0429D9142C289D5300B28F31 /* XCRemoteSwiftPackageReference "GoogleSignIn-iOS" */ = {
			isa = XCRemoteSwiftPackageReference;
			repositoryURL = "https://github.com/google/GoogleSignIn-iOS";
			requirement = {
				kind = upToNextMajorVersion;
				minimumVersion = 7.1.0;
			};
		};
		0429D9192C289DB600B28F31 /* XCRemoteSwiftPackageReference "NVActivityIndicatorView" */ = {
			isa = XCRemoteSwiftPackageReference;
			repositoryURL = "https://github.com/ninjaprox/NVActivityIndicatorView.git";
			requirement = {
				kind = upToNextMajorVersion;
				minimumVersion = 5.2.0;
			};
		};
		0429D91E2C289E3C00B28F31 /* XCRemoteSwiftPackageReference "SKPhotoBrowser" */ = {
			isa = XCRemoteSwiftPackageReference;
			repositoryURL = "https://github.com/suzuki-0000/SKPhotoBrowser.git";
			requirement = {
				kind = upToNextMajorVersion;
				minimumVersion = 7.1.0;
			};
		};
		0429D9212C289F7A00B28F31 /* XCRemoteSwiftPackageReference "lottie-spm" */ = {
			isa = XCRemoteSwiftPackageReference;
			repositoryURL = "https://github.com/airbnb/lottie-spm.git";
			requirement = {
				kind = upToNextMajorVersion;
				minimumVersion = 4.4.3;
			};
		};
		0429D92F2C28A7EF00B28F31 /* XCRemoteSwiftPackageReference "SDWebImage" */ = {
			isa = XCRemoteSwiftPackageReference;
			repositoryURL = "https://github.com/SDWebImage/SDWebImage.git";
			requirement = {
				kind = upToNextMajorVersion;
				minimumVersion = 5.19.3;
			};
		};
/* End XCRemoteSwiftPackageReference section */

/* Begin XCSwiftPackageProductDependency section */
		0429D8F52C28913F00B28F31 /* FirebaseAnalytics */ = {
			isa = XCSwiftPackageProductDependency;
			package = 0429D8F42C28913F00B28F31 /* XCRemoteSwiftPackageReference "firebase-ios-sdk" */;
			productName = FirebaseAnalytics;
		};
		0429D8F72C28913F00B28F31 /* FirebaseAnalyticsWithoutAdIdSupport */ = {
			isa = XCSwiftPackageProductDependency;
			package = 0429D8F42C28913F00B28F31 /* XCRemoteSwiftPackageReference "firebase-ios-sdk" */;
			productName = FirebaseAnalyticsWithoutAdIdSupport;
		};
		0429D8F92C28913F00B28F31 /* FirebaseAppCheck */ = {
			isa = XCSwiftPackageProductDependency;
			package = 0429D8F42C28913F00B28F31 /* XCRemoteSwiftPackageReference "firebase-ios-sdk" */;
			productName = FirebaseAppCheck;
		};
		0429D8FB2C28913F00B28F31 /* FirebaseAuth */ = {
			isa = XCSwiftPackageProductDependency;
			package = 0429D8F42C28913F00B28F31 /* XCRemoteSwiftPackageReference "firebase-ios-sdk" */;
			productName = FirebaseAuth;
		};
		0429D8FD2C28913F00B28F31 /* FirebaseDatabase */ = {
			isa = XCSwiftPackageProductDependency;
			package = 0429D8F42C28913F00B28F31 /* XCRemoteSwiftPackageReference "firebase-ios-sdk" */;
			productName = FirebaseDatabase;
		};
		0429D8FF2C28913F00B28F31 /* FirebaseDatabaseSwift */ = {
			isa = XCSwiftPackageProductDependency;
			package = 0429D8F42C28913F00B28F31 /* XCRemoteSwiftPackageReference "firebase-ios-sdk" */;
			productName = FirebaseDatabaseSwift;
		};
		0429D9012C28913F00B28F31 /* FirebaseFirestore */ = {
			isa = XCSwiftPackageProductDependency;
			package = 0429D8F42C28913F00B28F31 /* XCRemoteSwiftPackageReference "firebase-ios-sdk" */;
			productName = FirebaseFirestore;
		};
		0429D9032C28913F00B28F31 /* FirebaseFirestoreCombine-Community */ = {
			isa = XCSwiftPackageProductDependency;
			package = 0429D8F42C28913F00B28F31 /* XCRemoteSwiftPackageReference "firebase-ios-sdk" */;
			productName = "FirebaseFirestoreCombine-Community";
		};
		0429D9052C28913F00B28F31 /* FirebaseFirestoreSwift */ = {
			isa = XCSwiftPackageProductDependency;
			package = 0429D8F42C28913F00B28F31 /* XCRemoteSwiftPackageReference "firebase-ios-sdk" */;
			productName = FirebaseFirestoreSwift;
		};
		0429D9072C28913F00B28F31 /* FirebaseFunctions */ = {
			isa = XCSwiftPackageProductDependency;
			package = 0429D8F42C28913F00B28F31 /* XCRemoteSwiftPackageReference "firebase-ios-sdk" */;
			productName = FirebaseFunctions;
		};
		0429D9092C28913F00B28F31 /* FirebaseInAppMessaging-Beta */ = {
			isa = XCSwiftPackageProductDependency;
			package = 0429D8F42C28913F00B28F31 /* XCRemoteSwiftPackageReference "firebase-ios-sdk" */;
			productName = "FirebaseInAppMessaging-Beta";
		};
		0429D90B2C28913F00B28F31 /* FirebaseMessaging */ = {
			isa = XCSwiftPackageProductDependency;
			package = 0429D8F42C28913F00B28F31 /* XCRemoteSwiftPackageReference "firebase-ios-sdk" */;
			productName = FirebaseMessaging;
		};
		0429D90D2C28913F00B28F31 /* FirebaseStorage */ = {
			isa = XCSwiftPackageProductDependency;
			package = 0429D8F42C28913F00B28F31 /* XCRemoteSwiftPackageReference "firebase-ios-sdk" */;
			productName = FirebaseStorage;
		};
		0429D9102C28943200B28F31 /* SwiftLocation */ = {
			isa = XCSwiftPackageProductDependency;
			package = 0429D90F2C28943200B28F31 /* XCRemoteSwiftPackageReference "SwiftLocation" */;
			productName = SwiftLocation;
		};
		0429D9152C289D5300B28F31 /* GoogleSignIn */ = {
			isa = XCSwiftPackageProductDependency;
			package = 0429D9142C289D5300B28F31 /* XCRemoteSwiftPackageReference "GoogleSignIn-iOS" */;
			productName = GoogleSignIn;
		};
		0429D9172C289D5300B28F31 /* GoogleSignInSwift */ = {
			isa = XCSwiftPackageProductDependency;
			package = 0429D9142C289D5300B28F31 /* XCRemoteSwiftPackageReference "GoogleSignIn-iOS" */;
			productName = GoogleSignInSwift;
		};
		0429D91A2C289DB600B28F31 /* NVActivityIndicatorView */ = {
			isa = XCSwiftPackageProductDependency;
			package = 0429D9192C289DB600B28F31 /* XCRemoteSwiftPackageReference "NVActivityIndicatorView" */;
			productName = NVActivityIndicatorView;
		};
		0429D91C2C289DB600B28F31 /* NVActivityIndicatorViewExtended */ = {
			isa = XCSwiftPackageProductDependency;
			package = 0429D9192C289DB600B28F31 /* XCRemoteSwiftPackageReference "NVActivityIndicatorView" */;
			productName = NVActivityIndicatorViewExtended;
		};
		0429D91F2C289E3C00B28F31 /* SKPhotoBrowser */ = {
			isa = XCSwiftPackageProductDependency;
			package = 0429D91E2C289E3C00B28F31 /* XCRemoteSwiftPackageReference "SKPhotoBrowser" */;
			productName = SKPhotoBrowser;
		};
		0429D9222C289F7A00B28F31 /* Lottie */ = {
			isa = XCSwiftPackageProductDependency;
			package = 0429D9212C289F7A00B28F31 /* XCRemoteSwiftPackageReference "lottie-spm" */;
			productName = Lottie;
		};
		0429D9252C28A72200B28F31 /* FacebookAEM */ = {
			isa = XCSwiftPackageProductDependency;
			productName = FacebookAEM;
		};
		0429D9272C28A72200B28F31 /* FacebookBasics */ = {
			isa = XCSwiftPackageProductDependency;
			productName = FacebookBasics;
		};
		0429D9292C28A72200B28F31 /* FacebookCore */ = {
			isa = XCSwiftPackageProductDependency;
			productName = FacebookCore;
		};
		0429D92B2C28A72200B28F31 /* FacebookLogin */ = {
			isa = XCSwiftPackageProductDependency;
			productName = FacebookLogin;
		};
		0429D92D2C28A72200B28F31 /* FacebookShare */ = {
			isa = XCSwiftPackageProductDependency;
			productName = FacebookShare;
		};
		0429D9302C28A7EF00B28F31 /* SDWebImage */ = {
			isa = XCSwiftPackageProductDependency;
			package = 0429D92F2C28A7EF00B28F31 /* XCRemoteSwiftPackageReference "SDWebImage" */;
			productName = SDWebImage;
		};
		0429D9322C28A7EF00B28F31 /* SDWebImageMapKit */ = {
			isa = XCSwiftPackageProductDependency;
			package = 0429D92F2C28A7EF00B28F31 /* XCRemoteSwiftPackageReference "SDWebImage" */;
			productName = SDWebImageMapKit;
		};
/* End XCSwiftPackageProductDependency section */
	};
	rootObject = 04F815802B8DF0C5000D2DAD /* Project object */;
}
